// !$*UTF8*$!
{
	archiveVersion = 1;
	classes = {
	};
	objectVersion = 63;
	objects = {

/* Begin PBXBuildFile section */
		02548D99A1CD6A65D7CDC693 /* PickerView.swift in Sources */ = {isa = PBXBuildFile; fileRef = C0A8442C19B4735C5DDEA699 /* PickerView.swift */; };
		041F01AC30ED0DD4089D733F /* KeyComboParser.swift in Sources */ = {isa = PBXBuildFile; fileRef = F343598BBFBA1E675E67E8FA /* KeyComboParser.swift */; };
		077DB905E3C3212421414315 /* BreadcrumbView.swift in Sources */ = {isa = PBXBuildFile; fileRef = BA91B8C3A37E85896DEB5811 /* BreadcrumbView.swift */; };
		07A7EF5E0C469A2B650D4DAE /* SystemContext.swift in Sources */ = {isa = PBXBuildFile; fileRef = B0D0BB0CA53FED10DB6C4602 /* SystemContext.swift */; };
		07F5E533479F8B22C3E9BC2A /* ModuleRegistry.swift in Sources */ = {isa = PBXBuildFile; fileRef = E4747E26E55BE497F4DE49CD /* ModuleRegistry.swift */; };
		0C198076E96A3F6B30473E5D /* VSCodeModule.swift in Sources */ = {isa = PBXBuildFile; fileRef = 1195B84DE0470B9ECA7FA886 /* VSCodeModule.swift */; };
		0D1E263219C88E3846DCFC0D /* AudioManager.swift in Sources */ = {isa = PBXBuildFile; fileRef = CC27D80B4D21183EDA931773 /* AudioManager.swift */; };
		0E3EB6D3F4FB891E856CB009 /* ThemeEngine.swift in Sources */ = {isa = PBXBuildFile; fileRef = F2D1C635D74BDDA19F4D9527 /* ThemeEngine.swift */; };
		1003A41AE0343E4F6AA62345 /* PickerCoordinator.swift in Sources */ = {isa = PBXBuildFile; fileRef = 352E1E4FAE31463DB02908E6 /* PickerCoordinator.swift */; };
		13075FB2202D1A8BB16E5B53 /* ApplicationManager.swift in Sources */ = {isa = PBXBuildFile; fileRef = 0D9E864CC6A3B2C40E0A6309 /* ApplicationManager.swift */; };
		14E9B0E6E9AFE5D7B1988E78 /* KeyboardShortcuts in Frameworks */ = {isa = PBXBuildFile; productRef = 5A6BC3101CE0E9C87F20C141 /* KeyboardShortcuts */; };
		171C6EBA73F0AA5A3E3BBC0C /* ResultView.swift in Sources */ = {isa = PBXBuildFile; fileRef = 1FCAB27C3F7A49EAD6D99512 /* ResultView.swift */; };
		18056C3B63BA39DF8E0D59F4 /* WindowListHelper.swift in Sources */ = {isa = PBXBuildFile; fileRef = C88FBF5229E2DA524F2B4EC4 /* WindowListHelper.swift */; };
		1A42B2314E25DB9B810D5AF6 /* AIModule.swift in Sources */ = {isa = PBXBuildFile; fileRef = E8310D876702A1EE05FD9019 /* AIModule.swift */; };
		1FD762AF7C211586DE430966 /* ColorExtractor.swift in Sources */ = {isa = PBXBuildFile; fileRef = F144B2654BBFE798E02337D7 /* ColorExtractor.swift */; };
		202D6017E32DF2284A131D33 /* TelegramAction.swift in Sources */ = {isa = PBXBuildFile; fileRef = 1AA10C3A80C434A2BF4EFA72 /* TelegramAction.swift */; };
		204E452B5DD345D8E75F60E6 /* ClipboardAction.swift in Sources */ = {isa = PBXBuildFile; fileRef = 446B8B1E026DA6512EA13140 /* ClipboardAction.swift */; };
		20680A066E4785370D44F024 /* ITermConfig.swift in Sources */ = {isa = PBXBuildFile; fileRef = F7C75E3059BA27DA134BFEAB /* ITermConfig.swift */; };
		2328AF3D2A95F36C27DDB9F5 /* BrowserConfig.swift in Sources */ = {isa = PBXBuildFile; fileRef = C30B92942975CA92586FDD94 /* BrowserConfig.swift */; };
		255C340B0D6F21FB2C5A835C /* BrowserRegistry.swift in Sources */ = {isa = PBXBuildFile; fileRef = DC593BC750E29EC863FBAA1E /* BrowserRegistry.swift */; };
		25C7027EE3F622432F1504CF /* WindowViews.swift in Sources */ = {isa = PBXBuildFile; fileRef = 582466933CC3099804583635 /* WindowViews.swift */; };
		264B011C2509938D22DD7E0A /* ClipboardHistory.swift in Sources */ = {isa = PBXBuildFile; fileRef = 6A09713D40B6FD10A97B2846 /* ClipboardHistory.swift */; };
		283D9C1C11FB31FA39CDFD8E /* URIError.swift in Sources */ = {isa = PBXBuildFile; fileRef = CB189CAEA77A313F970D2B5E /* URIError.swift */; };
		2995F41304EEAAB61F713C91 /* FavouritesAction.swift in Sources */ = {isa = PBXBuildFile; fileRef = F48D8F350A9EA7C042310EC7 /* FavouritesAction.swift */; };
		2C0A9C8FDECE2050A1B518D5 /* BrowserAction.swift in Sources */ = {isa = PBXBuildFile; fileRef = 5F3384991E0138BD50F2E11F /* BrowserAction.swift */; };
		2DACAF4DD583EF60ED07879D /* SpotifyModule.swift in Sources */ = {isa = PBXBuildFile; fileRef = D515886593C7F0ED8D12313A /* SpotifyModule.swift */; };
		3093370FE128AD59B45ED912 /* SpotifySearchClient.swift in Sources */ = {isa = PBXBuildFile; fileRef = 0626AF1C878011406AE9BA3D /* SpotifySearchClient.swift */; };
		31E52CA77AC11D60C708B074 /* AppInfo.swift in Sources */ = {isa = PBXBuildFile; fileRef = 062E1AD465DCDB255A65A6F8 /* AppInfo.swift */; };
		334F8E5B2F7C6A14E3E5B35B /* Log.swift in Sources */ = {isa = PBXBuildFile; fileRef = B35AA78CEFBB80E80B23AED9 /* Log.swift */; };
		36B27A1580D234F95BA94173 /* TabInfo.swift in Sources */ = {isa = PBXBuildFile; fileRef = 5352517B5FDB46524F1DAB7A /* TabInfo.swift */; };
		3962B7B13CF519C1D0BD5EAE /* KeyComboError.swift in Sources */ = {isa = PBXBuildFile; fileRef = CC8A56B0D9DDF840F687CFC1 /* KeyComboError.swift */; };
		396830DA9740FDA937CD8599 /* KeyComboConfig.swift in Sources */ = {isa = PBXBuildFile; fileRef = C73328491BF69E906AE66D82 /* KeyComboConfig.swift */; };
		3CF947AC4BCCC4CF4A29E87D /* ConfigManager.swift in Sources */ = {isa = PBXBuildFile; fileRef = 9C121B86E848FDC88BD5B68E /* ConfigManager.swift */; };
		3EA44B88E7D19A79F976365F /* FavouritesViews.swift in Sources */ = {isa = PBXBuildFile; fileRef = 91214903EDD3F3788F39200A /* FavouritesViews.swift */; };
		3F7617A488411B2871B14860 /* AppColorMap.swift in Sources */ = {isa = PBXBuildFile; fileRef = 0F55A3B785B7D36B4925CCF3 /* AppColorMap.swift */; };
		4352D3AFA3A1921997B26856 /* BrowserViews.swift in Sources */ = {isa = PBXBuildFile; fileRef = 6E219B18F567229E53625D61 /* BrowserViews.swift */; };
		44C7B45514DEC11E0D00623C /* VSCodeViews.swift in Sources */ = {isa = PBXBuildFile; fileRef = 5C23DA7556C275B5C5220613 /* VSCodeViews.swift */; };
		48FE3623D80A9C5786E5AFE2 /* WindowAction.swift in Sources */ = {isa = PBXBuildFile; fileRef = 4BE3580CD756F5FFD0B48A63 /* WindowAction.swift */; };
		4AA449C368387B225BC96B09 /* AutostartManager.swift in Sources */ = {isa = PBXBuildFile; fileRef = B06AD89522D5D5EA0A004C58 /* AutostartManager.swift */; };
		4B81ED2F3B74EF92D0E4497F /* ClipboardConfig.swift in Sources */ = {isa = PBXBuildFile; fileRef = 8E6B726992760B441AC3B1B5 /* ClipboardConfig.swift */; };
		4E3BB52927177686D7DCA7AD /* SystemManager.swift in Sources */ = {isa = PBXBuildFile; fileRef = AC0031C721E532442555FB80 /* SystemManager.swift */; };
		4FD820BD7FA5647DB2B473AC /* SelfAction.swift in Sources */ = {isa = PBXBuildFile; fileRef = 0DF379388C55ACA27C16CB7A /* SelfAction.swift */; };
		59036360B596B4EE5F67B5B1 /* PanelController.swift in Sources */ = {isa = PBXBuildFile; fileRef = 20AE5A9B5F9C29692AF3F7E9 /* PanelController.swift */; };
		5E49C36BB50BF04370251400 /* ModuleProtocol.swift in Sources */ = {isa = PBXBuildFile; fileRef = 4F9F91D6438A281396DDB289 /* ModuleProtocol.swift */; };
		60C2EFD18190CB517EC09D02 /* FavouritesModule.swift in Sources */ = {isa = PBXBuildFile; fileRef = D0133DB091FEA71DDFFFE3ED /* FavouritesModule.swift */; };
		61EB23DEF7F5C1DAA354DBB1 /* TelegramViews.swift in Sources */ = {isa = PBXBuildFile; fileRef = 00718CF855B5A09CDF1E8C70 /* TelegramViews.swift */; };
		66FCCAC15C49EABAC2232FE7 /* ModuleConfigurable.swift in Sources */ = {isa = PBXBuildFile; fileRef = 1513BE419E01E789723255D9 /* ModuleConfigurable.swift */; };
		6871F27BAFF1427FDB1453D1 /* PickerSearchField.swift in Sources */ = {isa = PBXBuildFile; fileRef = 7327E3749066AA84C5E85773 /* PickerSearchField.swift */; };
		695F443E3B19E77126B270EE /* URIManager.swift in Sources */ = {isa = PBXBuildFile; fileRef = 606BA634897E6297AF0F4511 /* URIManager.swift */; };
		6C3C30FFC99B8AA7DC2E8440 /* VibeshedApp.swift in Sources */ = {isa = PBXBuildFile; fileRef = 8E54281B09B50928C70FF2D7 /* VibeshedApp.swift */; };
		6C4F796A9B7F3E2729373BF6 /* EventTapHandler.swift in Sources */ = {isa = PBXBuildFile; fileRef = A97DC18026FF987749FD0A76 /* EventTapHandler.swift */; };
		6CFDFCF47BB738E6AD8AF622 /* SpotifyManager.swift in Sources */ = {isa = PBXBuildFile; fileRef = 822F94E79AD60A9BEC353242 /* SpotifyManager.swift */; };
		6E62311460A503FFABE6C737 /* ApplicationConfig.swift in Sources */ = {isa = PBXBuildFile; fileRef = B133F02461650B0E6826B6A1 /* ApplicationConfig.swift */; };
		71A7F48CD8505290F066ED94 /* ClipboardManager.swift in Sources */ = {isa = PBXBuildFile; fileRef = AAD53131B970A7282AE9964A /* ClipboardManager.swift */; };
		7286C526EAD33749BE2C1374 /* AudioViews.swift in Sources */ = {isa = PBXBuildFile; fileRef = C853B1B01D8C28DC90FB3AEB /* AudioViews.swift */; };
		73CE604B38A5BFE38E44207E /* SelfConfig.swift in Sources */ = {isa = PBXBuildFile; fileRef = 6D3242BF1668062BBD1738D2 /* SelfConfig.swift */; };
		73F80921700FA55C939BE413 /* WindowSizing.swift in Sources */ = {isa = PBXBuildFile; fileRef = 92EF5FE81493E68F9AEEB45B /* WindowSizing.swift */; };
		779F1F831F9C489AB9A5C5FD /* GitHubAction.swift in Sources */ = {isa = PBXBuildFile; fileRef = 96BC2CBFC6267379E9E75513 /* GitHubAction.swift */; };
		793ED9A1D968A1BA2AEF565F /* SystemViews.swift in Sources */ = {isa = PBXBuildFile; fileRef = 1A4BB7D19489F0599928D94B /* SystemViews.swift */; };
		79640CDB97016A2A7AEDE542 /* ActionListView.swift in Sources */ = {isa = PBXBuildFile; fileRef = 5DF8B4E3AFE960C7097A99CD /* ActionListView.swift */; };
		7A9899CDC1879E289FA86A92 /* GitHubAPIClient.swift in Sources */ = {isa = PBXBuildFile; fileRef = 04C106F20D6352C674274DD0 /* GitHubAPIClient.swift */; };
		7B2F5E52F149A38353B71DFF /* UsageTracker.swift in Sources */ = {isa = PBXBuildFile; fileRef = 38B01404B1E693B7475E0E89 /* UsageTracker.swift */; };
		7CEFE1015C09A5C87A079C34 /* WindowManager.swift in Sources */ = {isa = PBXBuildFile; fileRef = 80502C0F7525DAD7A5772B39 /* WindowManager.swift */; };
		7EC3C324CFD4983DA603EC70 /* ActionPreviewView.swift in Sources */ = {isa = PBXBuildFile; fileRef = EC2D569D8FF4C4E43B611C2C /* ActionPreviewView.swift */; };
		8067EBE14A4A6CC56B5838B5 /* PermissionsManager.swift in Sources */ = {isa = PBXBuildFile; fileRef = 6F96BD0F02421A8BE5B321BB /* PermissionsManager.swift */; };
		83548603855D56F887FA1C0F /* SystemModule.swift in Sources */ = {isa = PBXBuildFile; fileRef = 98A6F4088BAAC926B805DC4B /* SystemModule.swift */; };
		84486301758DD5C33D0D5757 /* SpotifyViews.swift in Sources */ = {isa = PBXBuildFile; fileRef = FE0A31EA4F7FB33A56398DD6 /* SpotifyViews.swift */; };
		8C11BFBAED563CBCCD082962 /* PickerUITests.swift in Sources */ = {isa = PBXBuildFile; fileRef = 9C5FBF0D0478B3732EABBAAB /* PickerUITests.swift */; };
		8D4A6AF37A22F230F3CF8791 /* AppConfig.swift in Sources */ = {isa = PBXBuildFile; fileRef = F8CD4D9B93D1B87153D0DED1 /* AppConfig.swift */; };
		8D622AD2D81A1C58F12B450A /* FuzzyMatcher.swift in Sources */ = {isa = PBXBuildFile; fileRef = 936D19BB79AA1298EBF0BD9B /* FuzzyMatcher.swift */; };
		8FE26D4891A32E08CA7E8E78 /* ActionResult.swift in Sources */ = {isa = PBXBuildFile; fileRef = 7C2FE607D1BDC2A89FEB29F5 /* ActionResult.swift */; };
		913C9E017379125796B16D05 /* ActionListItemView.swift in Sources */ = {isa = PBXBuildFile; fileRef = 54A380827CE63DE4341D875A /* ActionListItemView.swift */; };
		931E2511C69070341F05277D /* ApplicationViews.swift in Sources */ = {isa = PBXBuildFile; fileRef = 4A9B251FE71873607C50007B /* ApplicationViews.swift */; };
		93E065D34421DD7D859DD22B /* MockModule.swift in Sources */ = {isa = PBXBuildFile; fileRef = B78758915F1F1E6946D55646 /* MockModule.swift */; };
		95D0E5C4A985DE6CE6742564 /* ActionParameter.swift in Sources */ = {isa = PBXBuildFile; fileRef = 746AF9FACF266F596E371361 /* ActionParameter.swift */; };
		9619B780D02183E7B67EFC0A /* SpotifyConfig.swift in Sources */ = {isa = PBXBuildFile; fileRef = 7D8049C70FA55E988CE3C0C9 /* SpotifyConfig.swift */; };
		96686EA3FD30E50AABF6C407 /* ParameterPreviewView.swift in Sources */ = {isa = PBXBuildFile; fileRef = B021CFF3230A350FC6F59BE7 /* ParameterPreviewView.swift */; };
		97222BF01431BBCE9C523AC8 /* PermissionError.swift in Sources */ = {isa = PBXBuildFile; fileRef = BDBF7BDA779DC1A420CB667D /* PermissionError.swift */; };
		995EDEFBC259CBEFA481EFB2 /* BrowserModule.swift in Sources */ = {isa = PBXBuildFile; fileRef = 4EA71D1CAA60BF993D081784 /* BrowserModule.swift */; };
		A0CEC1A7E201671142F6B2FB /* ScoringContext.swift in Sources */ = {isa = PBXBuildFile; fileRef = E7F6A1AC73A792839AFF18D5 /* ScoringContext.swift */; };
		A31111C9B280F568344A91BC /* VibeTheme.swift in Sources */ = {isa = PBXBuildFile; fileRef = 3EB6E95CDF04FD4669FC5B1B /* VibeTheme.swift */; };
		A3157878BE2F89DCB2C83726 /* FavouritesConfig.swift in Sources */ = {isa = PBXBuildFile; fileRef = A5158C2F2311D61BE3095AD6 /* FavouritesConfig.swift */; };
		A377B2E3D61720E628B947E9 /* VSCodeManager.swift in Sources */ = {isa = PBXBuildFile; fileRef = 2DD782530B7A954DC31BE9B5 /* VSCodeManager.swift */; };
		A80AA70E393B1EE7F1EFC5C7 /* EventBus.swift in Sources */ = {isa = PBXBuildFile; fileRef = C5802724DA06AD2006D0EBBF /* EventBus.swift */; };
		A9E8C9D11773C40D5293BF92 /* GitHubViews.swift in Sources */ = {isa = PBXBuildFile; fileRef = 20EF9C2DC8C7A310750AF32C /* GitHubViews.swift */; };
		AA8729442A5EC8BAD6A0894B /* SpotifyAction.swift in Sources */ = {isa = PBXBuildFile; fileRef = 5D8144EFCFF5CF8435248E1A /* SpotifyAction.swift */; };
		AAB630428DB3F870EED6552D /* SelfModule.swift in Sources */ = {isa = PBXBuildFile; fileRef = C0E5FA52B3627E5042B95D9A /* SelfModule.swift */; };
		ACA2BC676B901EE437D6634F /* CapsLockMonitor.swift in Sources */ = {isa = PBXBuildFile; fileRef = 161DDBD097B45417F2BDBE4B /* CapsLockMonitor.swift */; };
		ADC6087F25E247683654EABC /* ApplicationModule.swift in Sources */ = {isa = PBXBuildFile; fileRef = DB4CC26ADC704B3CC3834E8C /* ApplicationModule.swift */; };
		AEBBD3F6196A0B9F547E4DDB /* WindowModule.swift in Sources */ = {isa = PBXBuildFile; fileRef = B34322DC8FA556E2C9F0859F /* WindowModule.swift */; };
		B0F1D7E315BE53FEAB80AE30 /* AIConfig.swift in Sources */ = {isa = PBXBuildFile; fileRef = FC74736F84987CF95740A618 /* AIConfig.swift */; };
		B2C5A55E10EB0CAE8ECC6D49 /* SelfViews.swift in Sources */ = {isa = PBXBuildFile; fileRef = D514327FEB843CC2491B40BA /* SelfViews.swift */; };
		B60EF7639141052C47AD73A2 /* URLPatternMatcher.swift in Sources */ = {isa = PBXBuildFile; fileRef = B7D2B996C06917CBD6F59A15 /* URLPatternMatcher.swift */; };
		B93F02998309D7FDB5168750 /* ITermManager.swift in Sources */ = {isa = PBXBuildFile; fileRef = 064550D7B13335633EEDF0B9 /* ITermManager.swift */; };
		BB56F7160EFCDE4997100091 /* StatusBarView.swift in Sources */ = {isa = PBXBuildFile; fileRef = A8806170C30191A13DF0A8EB /* StatusBarView.swift */; };
		BBE036965B47FD58F5E7204B /* VSCodeAction.swift in Sources */ = {isa = PBXBuildFile; fileRef = 21D55D3AD4E529F17CF0E1CD /* VSCodeAction.swift */; };
		BE87FA88A39544C78CB6EF8C /* AISessionReader.swift in Sources */ = {isa = PBXBuildFile; fileRef = AC7E87CCF8BEC9D7C5A53202 /* AISessionReader.swift */; };
		BFD0CB0176B127700DD66C0F /* AppDelegate.swift in Sources */ = {isa = PBXBuildFile; fileRef = 15A98A537C97C7284F255A5E /* AppDelegate.swift */; };
		C5A58A5D54F74BBD24E65B5B /* ClipboardViews.swift in Sources */ = {isa = PBXBuildFile; fileRef = 59C4BCC73727B846AD8EEC1C /* ClipboardViews.swift */; };
		C8D2659FD07937FDCCD288EE /* TelegramConfig.swift in Sources */ = {isa = PBXBuildFile; fileRef = 15895EBC1EC438F221591968 /* TelegramConfig.swift */; };
		C949016BA990443413FE19E4 /* Yams in Frameworks */ = {isa = PBXBuildFile; productRef = 20C3059357BAE74908B7FD8E /* Yams */; };
		CBC5FB40DFFBBD5901BC63B9 /* GitHubConfig.swift in Sources */ = {isa = PBXBuildFile; fileRef = 4DDB60FC612FD4033396668E /* GitHubConfig.swift */; };
		CFD458CE359FC6A096F0D12B /* ActionProtocol.swift in Sources */ = {isa = PBXBuildFile; fileRef = DB49F846148B963183589DE2 /* ActionProtocol.swift */; };
		D0A9E3E624D15B9BF2ED768E /* AudioConfig.swift in Sources */ = {isa = PBXBuildFile; fileRef = E14A02F97B4331F9F8949813 /* AudioConfig.swift */; };
		D57CB56AE1C390661CEE2813 /* AIAction.swift in Sources */ = {isa = PBXBuildFile; fileRef = 8569D673AF6EF12860F21D9D /* AIAction.swift */; };
		D676EC37BEBC703711937B7F /* SystemAction.swift in Sources */ = {isa = PBXBuildFile; fileRef = CE796874DA00543249B5D5C8 /* SystemAction.swift */; };
		D7964BBAA974A80FF8251325 /* ITermModule.swift in Sources */ = {isa = PBXBuildFile; fileRef = 23919FA10C14BD6E11CC3C55 /* ITermModule.swift */; };
		DB807B093A5CFC3210B7DC4B /* Permission.swift in Sources */ = {isa = PBXBuildFile; fileRef = 535838F2C4C0C703409BB16B /* Permission.swift */; };
		DB866678B280AE9E954F9993 /* VSCodeConfig.swift in Sources */ = {isa = PBXBuildFile; fileRef = 57CA83C483CF8926822C58B3 /* VSCodeConfig.swift */; };
		DDB4D5AB23A5645D335B5BE7 /* PickerState.swift in Sources */ = {isa = PBXBuildFile; fileRef = 208003692F680ED31E2FCFD0 /* PickerState.swift */; };
		DDED293C24F9FA927C3AA856 /* BrowserManager.swift in Sources */ = {isa = PBXBuildFile; fileRef = E96F4BD07D1B0A04DB6EDC7C /* BrowserManager.swift */; };
		DF5A1B0761CE3F187D620737 /* FloatingPanel.swift in Sources */ = {isa = PBXBuildFile; fileRef = CECE2580BD0DA77333DE6105 /* FloatingPanel.swift */; };
		DFA96FC776518ED7DD9D47AB /* ContextualScorer.swift in Sources */ = {isa = PBXBuildFile; fileRef = EFD4A5FF2F22EF9F5409F0A0 /* ContextualScorer.swift */; };
		E30469E1250A0BCD3E8E9136 /* ApplicationAction.swift in Sources */ = {isa = PBXBuildFile; fileRef = 3588A93D7FFED0E21344E66A /* ApplicationAction.swift */; };
		E462877A80931C5EE47D19C0 /* ClipboardModule.swift in Sources */ = {isa = PBXBuildFile; fileRef = D6522A3038246181509DFF04 /* ClipboardModule.swift */; };
		E4DD880D24E4C354F8F0132B /* ITermAction.swift in Sources */ = {isa = PBXBuildFile; fileRef = E0558DA1B78562E96DD8B326 /* ITermAction.swift */; };
		E5049B28F6B5DA613777D2A4 /* AIViews.swift in Sources */ = {isa = PBXBuildFile; fileRef = 7BCCEEC2877D6B5DB8D82F53 /* AIViews.swift */; };
		E5E884E5AA3F96CB26838A7E /* GitHubModule.swift in Sources */ = {isa = PBXBuildFile; fileRef = B929C1DB892D27C649626040 /* GitHubModule.swift */; };
		E63A0313CAED734C46B2DD15 /* PickerMode.swift in Sources */ = {isa = PBXBuildFile; fileRef = B7A9EB0999CEACE4D9A5E2F2 /* PickerMode.swift */; };
		E67785AB9BF9FA0C919C6E3F /* ModuleConfigDecoder.swift in Sources */ = {isa = PBXBuildFile; fileRef = 6F41797635891B1CDE1F5A17 /* ModuleConfigDecoder.swift */; };
		E9D0F5CCAD5F73EF18C721FA /* AudioAction.swift in Sources */ = {isa = PBXBuildFile; fileRef = 5FD8FDE49D54EE792EC201EE /* AudioAction.swift */; };
		EDE87CBDEFE85C9F204C7812 /* URLRoutingConfig.swift in Sources */ = {isa = PBXBuildFile; fileRef = 7C8EDB21158ABED019BCA712 /* URLRoutingConfig.swift */; };
		F1126644BECA28FE4E31ACD2 /* TelegramModule.swift in Sources */ = {isa = PBXBuildFile; fileRef = 25634DECA017187F0F59F2F3 /* TelegramModule.swift */; };
		F12B600A03A2537750192365 /* WindowInfo.swift in Sources */ = {isa = PBXBuildFile; fileRef = F5966B3AD8D7E6D1F38CCCDC /* WindowInfo.swift */; };
		F1CCA6E4B6A52E8FCB6E1DC0 /* KeyComboManager.swift in Sources */ = {isa = PBXBuildFile; fileRef = C674BF539374751E2D2D0EC6 /* KeyComboManager.swift */; };
		F224E0D733B49B9E5AFFE634 /* AudioModule.swift in Sources */ = {isa = PBXBuildFile; fileRef = 0CE70702CB51344C7F67E22C /* AudioModule.swift */; };
		F23AB1993755DA2BB9D31FA5 /* ParameterInputView.swift in Sources */ = {isa = PBXBuildFile; fileRef = 8BE121A64D8362458E754604 /* ParameterInputView.swift */; };
		F4ABF07F5DFC232544878EB3 /* AXWindowHelper.swift in Sources */ = {isa = PBXBuildFile; fileRef = 962BFFC4E725F76A9E60CF13 /* AXWindowHelper.swift */; };
		F712C8197F9E6898619DEE7F /* AppEvent.swift in Sources */ = {isa = PBXBuildFile; fileRef = DF39B723395CDBBA2D59861E /* AppEvent.swift */; };
		FB7B8866EE79D159D9FE6779 /* SystemConfig.swift in Sources */ = {isa = PBXBuildFile; fileRef = 4D9A9B514691A256BA2D763D /* SystemConfig.swift */; };
		FC13147F2D9D59E384E9A78B /* ITermViews.swift in Sources */ = {isa = PBXBuildFile; fileRef = 47BCAE127DD3D2EFCDB13293 /* ITermViews.swift */; };
		FEBE9E0C5926EADE0E4FE7E9 /* WindowConfig.swift in Sources */ = {isa = PBXBuildFile; fileRef = 8DA1758EA29966199387EBA3 /* WindowConfig.swift */; };
		FF8A2959BA96EDB8ECCE5349 /* ModuleContext.swift in Sources */ = {isa = PBXBuildFile; fileRef = 804FC8C70D8A56D626C60F1B /* ModuleContext.swift */; };
/* End PBXBuildFile section */

/* Begin PBXContainerItemProxy section */
		748AA067970BCA343B58CF8D /* PBXContainerItemProxy */ = {
			isa = PBXContainerItemProxy;
			containerPortal = 5E6B7CF84E09EF9890C2AC71 /* Project object */;
			proxyType = 1;
			remoteGlobalIDString = 4A67709EC858665E0BBE2E0F;
			remoteInfo = Vibeshed;
		};
/* End PBXContainerItemProxy section */

/* Begin PBXFileReference section */
		00718CF855B5A09CDF1E8C70 /* TelegramViews.swift */ = {isa = PBXFileReference; lastKnownFileType = sourcecode.swift; path = TelegramViews.swift; sourceTree = "<group>"; };
		04C106F20D6352C674274DD0 /* GitHubAPIClient.swift */ = {isa = PBXFileReference; lastKnownFileType = sourcecode.swift; path = GitHubAPIClient.swift; sourceTree = "<group>"; };
		0626AF1C878011406AE9BA3D /* SpotifySearchClient.swift */ = {isa = PBXFileReference; lastKnownFileType = sourcecode.swift; path = SpotifySearchClient.swift; sourceTree = "<group>"; };
		062E1AD465DCDB255A65A6F8 /* AppInfo.swift */ = {isa = PBXFileReference; lastKnownFileType = sourcecode.swift; path = AppInfo.swift; sourceTree = "<group>"; };
		064550D7B13335633EEDF0B9 /* ITermManager.swift */ = {isa = PBXFileReference; lastKnownFileType = sourcecode.swift; path = ITermManager.swift; sourceTree = "<group>"; };
		0CE70702CB51344C7F67E22C /* AudioModule.swift */ = {isa = PBXFileReference; lastKnownFileType = sourcecode.swift; path = AudioModule.swift; sourceTree = "<group>"; };
		0D9E864CC6A3B2C40E0A6309 /* ApplicationManager.swift */ = {isa = PBXFileReference; lastKnownFileType = sourcecode.swift; path = ApplicationManager.swift; sourceTree = "<group>"; };
		0DF379388C55ACA27C16CB7A /* SelfAction.swift */ = {isa = PBXFileReference; lastKnownFileType = sourcecode.swift; path = SelfAction.swift; sourceTree = "<group>"; };
		0F55A3B785B7D36B4925CCF3 /* AppColorMap.swift */ = {isa = PBXFileReference; lastKnownFileType = sourcecode.swift; path = AppColorMap.swift; sourceTree = "<group>"; };
		1195B84DE0470B9ECA7FA886 /* VSCodeModule.swift */ = {isa = PBXFileReference; lastKnownFileType = sourcecode.swift; path = VSCodeModule.swift; sourceTree = "<group>"; };
		1513BE419E01E789723255D9 /* ModuleConfigurable.swift */ = {isa = PBXFileReference; lastKnownFileType = sourcecode.swift; path = ModuleConfigurable.swift; sourceTree = "<group>"; };
		15895EBC1EC438F221591968 /* TelegramConfig.swift */ = {isa = PBXFileReference; lastKnownFileType = sourcecode.swift; path = TelegramConfig.swift; sourceTree = "<group>"; };
		15A98A537C97C7284F255A5E /* AppDelegate.swift */ = {isa = PBXFileReference; lastKnownFileType = sourcecode.swift; path = AppDelegate.swift; sourceTree = "<group>"; };
		161DDBD097B45417F2BDBE4B /* CapsLockMonitor.swift */ = {isa = PBXFileReference; lastKnownFileType = sourcecode.swift; path = CapsLockMonitor.swift; sourceTree = "<group>"; };
		1A4BB7D19489F0599928D94B /* SystemViews.swift */ = {isa = PBXFileReference; lastKnownFileType = sourcecode.swift; path = SystemViews.swift; sourceTree = "<group>"; };
		1AA10C3A80C434A2BF4EFA72 /* TelegramAction.swift */ = {isa = PBXFileReference; lastKnownFileType = sourcecode.swift; path = TelegramAction.swift; sourceTree = "<group>"; };
		1FCAB27C3F7A49EAD6D99512 /* ResultView.swift */ = {isa = PBXFileReference; lastKnownFileType = sourcecode.swift; path = ResultView.swift; sourceTree = "<group>"; };
		208003692F680ED31E2FCFD0 /* PickerState.swift */ = {isa = PBXFileReference; lastKnownFileType = sourcecode.swift; path = PickerState.swift; sourceTree = "<group>"; };
		20AE5A9B5F9C29692AF3F7E9 /* PanelController.swift */ = {isa = PBXFileReference; lastKnownFileType = sourcecode.swift; path = PanelController.swift; sourceTree = "<group>"; };
		20EF9C2DC8C7A310750AF32C /* GitHubViews.swift */ = {isa = PBXFileReference; lastKnownFileType = sourcecode.swift; path = GitHubViews.swift; sourceTree = "<group>"; };
		21D55D3AD4E529F17CF0E1CD /* VSCodeAction.swift */ = {isa = PBXFileReference; lastKnownFileType = sourcecode.swift; path = VSCodeAction.swift; sourceTree = "<group>"; };
		23919FA10C14BD6E11CC3C55 /* ITermModule.swift */ = {isa = PBXFileReference; lastKnownFileType = sourcecode.swift; path = ITermModule.swift; sourceTree = "<group>"; };
		25634DECA017187F0F59F2F3 /* TelegramModule.swift */ = {isa = PBXFileReference; lastKnownFileType = sourcecode.swift; path = TelegramModule.swift; sourceTree = "<group>"; };
		2DD782530B7A954DC31BE9B5 /* VSCodeManager.swift */ = {isa = PBXFileReference; lastKnownFileType = sourcecode.swift; path = VSCodeManager.swift; sourceTree = "<group>"; };
		352E1E4FAE31463DB02908E6 /* PickerCoordinator.swift */ = {isa = PBXFileReference; lastKnownFileType = sourcecode.swift; path = PickerCoordinator.swift; sourceTree = "<group>"; };
		3588A93D7FFED0E21344E66A /* ApplicationAction.swift */ = {isa = PBXFileReference; lastKnownFileType = sourcecode.swift; path = ApplicationAction.swift; sourceTree = "<group>"; };
		38B01404B1E693B7475E0E89 /* UsageTracker.swift */ = {isa = PBXFileReference; lastKnownFileType = sourcecode.swift; path = UsageTracker.swift; sourceTree = "<group>"; };
		3EB6E95CDF04FD4669FC5B1B /* VibeTheme.swift */ = {isa = PBXFileReference; lastKnownFileType = sourcecode.swift; path = VibeTheme.swift; sourceTree = "<group>"; };
		446B8B1E026DA6512EA13140 /* ClipboardAction.swift */ = {isa = PBXFileReference; lastKnownFileType = sourcecode.swift; path = ClipboardAction.swift; sourceTree = "<group>"; };
		47BCAE127DD3D2EFCDB13293 /* ITermViews.swift */ = {isa = PBXFileReference; lastKnownFileType = sourcecode.swift; path = ITermViews.swift; sourceTree = "<group>"; };
		4A9B251FE71873607C50007B /* ApplicationViews.swift */ = {isa = PBXFileReference; lastKnownFileType = sourcecode.swift; path = ApplicationViews.swift; sourceTree = "<group>"; };
		4BE3580CD756F5FFD0B48A63 /* WindowAction.swift */ = {isa = PBXFileReference; lastKnownFileType = sourcecode.swift; path = WindowAction.swift; sourceTree = "<group>"; };
		4D9A9B514691A256BA2D763D /* SystemConfig.swift */ = {isa = PBXFileReference; lastKnownFileType = sourcecode.swift; path = SystemConfig.swift; sourceTree = "<group>"; };
		4DDB60FC612FD4033396668E /* GitHubConfig.swift */ = {isa = PBXFileReference; lastKnownFileType = sourcecode.swift; path = GitHubConfig.swift; sourceTree = "<group>"; };
		4EA71D1CAA60BF993D081784 /* BrowserModule.swift */ = {isa = PBXFileReference; lastKnownFileType = sourcecode.swift; path = BrowserModule.swift; sourceTree = "<group>"; };
		4F9F91D6438A281396DDB289 /* ModuleProtocol.swift */ = {isa = PBXFileReference; lastKnownFileType = sourcecode.swift; path = ModuleProtocol.swift; sourceTree = "<group>"; };
		5352517B5FDB46524F1DAB7A /* TabInfo.swift */ = {isa = PBXFileReference; lastKnownFileType = sourcecode.swift; path = TabInfo.swift; sourceTree = "<group>"; };
		535838F2C4C0C703409BB16B /* Permission.swift */ = {isa = PBXFileReference; lastKnownFileType = sourcecode.swift; path = Permission.swift; sourceTree = "<group>"; };
		54A380827CE63DE4341D875A /* ActionListItemView.swift */ = {isa = PBXFileReference; lastKnownFileType = sourcecode.swift; path = ActionListItemView.swift; sourceTree = "<group>"; };
		57CA83C483CF8926822C58B3 /* VSCodeConfig.swift */ = {isa = PBXFileReference; lastKnownFileType = sourcecode.swift; path = VSCodeConfig.swift; sourceTree = "<group>"; };
		582466933CC3099804583635 /* WindowViews.swift */ = {isa = PBXFileReference; lastKnownFileType = sourcecode.swift; path = WindowViews.swift; sourceTree = "<group>"; };
		59C4BCC73727B846AD8EEC1C /* ClipboardViews.swift */ = {isa = PBXFileReference; lastKnownFileType = sourcecode.swift; path = ClipboardViews.swift; sourceTree = "<group>"; };
		5C23DA7556C275B5C5220613 /* VSCodeViews.swift */ = {isa = PBXFileReference; lastKnownFileType = sourcecode.swift; path = VSCodeViews.swift; sourceTree = "<group>"; };
		5D8144EFCFF5CF8435248E1A /* SpotifyAction.swift */ = {isa = PBXFileReference; lastKnownFileType = sourcecode.swift; path = SpotifyAction.swift; sourceTree = "<group>"; };
		5DF8B4E3AFE960C7097A99CD /* ActionListView.swift */ = {isa = PBXFileReference; lastKnownFileType = sourcecode.swift; path = ActionListView.swift; sourceTree = "<group>"; };
		5F3384991E0138BD50F2E11F /* BrowserAction.swift */ = {isa = PBXFileReference; lastKnownFileType = sourcecode.swift; path = BrowserAction.swift; sourceTree = "<group>"; };
		5FD8FDE49D54EE792EC201EE /* AudioAction.swift */ = {isa = PBXFileReference; lastKnownFileType = sourcecode.swift; path = AudioAction.swift; sourceTree = "<group>"; };
		606BA634897E6297AF0F4511 /* URIManager.swift */ = {isa = PBXFileReference; lastKnownFileType = sourcecode.swift; path = URIManager.swift; sourceTree = "<group>"; };
		6A09713D40B6FD10A97B2846 /* ClipboardHistory.swift */ = {isa = PBXFileReference; lastKnownFileType = sourcecode.swift; path = ClipboardHistory.swift; sourceTree = "<group>"; };
		6D3242BF1668062BBD1738D2 /* SelfConfig.swift */ = {isa = PBXFileReference; lastKnownFileType = sourcecode.swift; path = SelfConfig.swift; sourceTree = "<group>"; };
		6E219B18F567229E53625D61 /* BrowserViews.swift */ = {isa = PBXFileReference; lastKnownFileType = sourcecode.swift; path = BrowserViews.swift; sourceTree = "<group>"; };
		6F41797635891B1CDE1F5A17 /* ModuleConfigDecoder.swift */ = {isa = PBXFileReference; lastKnownFileType = sourcecode.swift; path = ModuleConfigDecoder.swift; sourceTree = "<group>"; };
		6F96BD0F02421A8BE5B321BB /* PermissionsManager.swift */ = {isa = PBXFileReference; lastKnownFileType = sourcecode.swift; path = PermissionsManager.swift; sourceTree = "<group>"; };
		7327E3749066AA84C5E85773 /* PickerSearchField.swift */ = {isa = PBXFileReference; lastKnownFileType = sourcecode.swift; path = PickerSearchField.swift; sourceTree = "<group>"; };
		746AF9FACF266F596E371361 /* ActionParameter.swift */ = {isa = PBXFileReference; lastKnownFileType = sourcecode.swift; path = ActionParameter.swift; sourceTree = "<group>"; };
		7BCCEEC2877D6B5DB8D82F53 /* AIViews.swift */ = {isa = PBXFileReference; lastKnownFileType = sourcecode.swift; path = AIViews.swift; sourceTree = "<group>"; };
		7C2FE607D1BDC2A89FEB29F5 /* ActionResult.swift */ = {isa = PBXFileReference; lastKnownFileType = sourcecode.swift; path = ActionResult.swift; sourceTree = "<group>"; };
		7C8EDB21158ABED019BCA712 /* URLRoutingConfig.swift */ = {isa = PBXFileReference; lastKnownFileType = sourcecode.swift; path = URLRoutingConfig.swift; sourceTree = "<group>"; };
		7D8049C70FA55E988CE3C0C9 /* SpotifyConfig.swift */ = {isa = PBXFileReference; lastKnownFileType = sourcecode.swift; path = SpotifyConfig.swift; sourceTree = "<group>"; };
		804FC8C70D8A56D626C60F1B /* ModuleContext.swift */ = {isa = PBXFileReference; lastKnownFileType = sourcecode.swift; path = ModuleContext.swift; sourceTree = "<group>"; };
		80502C0F7525DAD7A5772B39 /* WindowManager.swift */ = {isa = PBXFileReference; lastKnownFileType = sourcecode.swift; path = WindowManager.swift; sourceTree = "<group>"; };
		822F94E79AD60A9BEC353242 /* SpotifyManager.swift */ = {isa = PBXFileReference; lastKnownFileType = sourcecode.swift; path = SpotifyManager.swift; sourceTree = "<group>"; };
		8569D673AF6EF12860F21D9D /* AIAction.swift */ = {isa = PBXFileReference; lastKnownFileType = sourcecode.swift; path = AIAction.swift; sourceTree = "<group>"; };
		8BE121A64D8362458E754604 /* ParameterInputView.swift */ = {isa = PBXFileReference; lastKnownFileType = sourcecode.swift; path = ParameterInputView.swift; sourceTree = "<group>"; };
		8DA1758EA29966199387EBA3 /* WindowConfig.swift */ = {isa = PBXFileReference; lastKnownFileType = sourcecode.swift; path = WindowConfig.swift; sourceTree = "<group>"; };
		8E54281B09B50928C70FF2D7 /* VibeshedApp.swift */ = {isa = PBXFileReference; lastKnownFileType = sourcecode.swift; path = VibeshedApp.swift; sourceTree = "<group>"; };
		8E6B726992760B441AC3B1B5 /* ClipboardConfig.swift */ = {isa = PBXFileReference; lastKnownFileType = sourcecode.swift; path = ClipboardConfig.swift; sourceTree = "<group>"; };
		91214903EDD3F3788F39200A /* FavouritesViews.swift */ = {isa = PBXFileReference; lastKnownFileType = sourcecode.swift; path = FavouritesViews.swift; sourceTree = "<group>"; };
		92EF5FE81493E68F9AEEB45B /* WindowSizing.swift */ = {isa = PBXFileReference; lastKnownFileType = sourcecode.swift; path = WindowSizing.swift; sourceTree = "<group>"; };
		936D19BB79AA1298EBF0BD9B /* FuzzyMatcher.swift */ = {isa = PBXFileReference; lastKnownFileType = sourcecode.swift; path = FuzzyMatcher.swift; sourceTree = "<group>"; };
		962BFFC4E725F76A9E60CF13 /* AXWindowHelper.swift */ = {isa = PBXFileReference; lastKnownFileType = sourcecode.swift; path = AXWindowHelper.swift; sourceTree = "<group>"; };
		96BC2CBFC6267379E9E75513 /* GitHubAction.swift */ = {isa = PBXFileReference; lastKnownFileType = sourcecode.swift; path = GitHubAction.swift; sourceTree = "<group>"; };
		98A6F4088BAAC926B805DC4B /* SystemModule.swift */ = {isa = PBXFileReference; lastKnownFileType = sourcecode.swift; path = SystemModule.swift; sourceTree = "<group>"; };
		9C121B86E848FDC88BD5B68E /* ConfigManager.swift */ = {isa = PBXFileReference; lastKnownFileType = sourcecode.swift; path = ConfigManager.swift; sourceTree = "<group>"; };
		9C5FBF0D0478B3732EABBAAB /* PickerUITests.swift */ = {isa = PBXFileReference; lastKnownFileType = sourcecode.swift; path = PickerUITests.swift; sourceTree = "<group>"; };
		9FC745B543940A91AB7B27ED /* Vibeshed.app */ = {isa = PBXFileReference; explicitFileType = wrapper.application; includeInIndex = 0; path = Vibeshed.app; sourceTree = BUILT_PRODUCTS_DIR; };
		9FE0948F9E4C7CF35543D5EA /* Vibeshed.entitlements */ = {isa = PBXFileReference; lastKnownFileType = text.plist.entitlements; path = Vibeshed.entitlements; sourceTree = "<group>"; };
		A5158C2F2311D61BE3095AD6 /* FavouritesConfig.swift */ = {isa = PBXFileReference; lastKnownFileType = sourcecode.swift; path = FavouritesConfig.swift; sourceTree = "<group>"; };
		A8806170C30191A13DF0A8EB /* StatusBarView.swift */ = {isa = PBXFileReference; lastKnownFileType = sourcecode.swift; path = StatusBarView.swift; sourceTree = "<group>"; };
		A97DC18026FF987749FD0A76 /* EventTapHandler.swift */ = {isa = PBXFileReference; lastKnownFileType = sourcecode.swift; path = EventTapHandler.swift; sourceTree = "<group>"; };
		AAD53131B970A7282AE9964A /* ClipboardManager.swift */ = {isa = PBXFileReference; lastKnownFileType = sourcecode.swift; path = ClipboardManager.swift; sourceTree = "<group>"; };
		AC0031C721E532442555FB80 /* SystemManager.swift */ = {isa = PBXFileReference; lastKnownFileType = sourcecode.swift; path = SystemManager.swift; sourceTree = "<group>"; };
		AC7E87CCF8BEC9D7C5A53202 /* AISessionReader.swift */ = {isa = PBXFileReference; lastKnownFileType = sourcecode.swift; path = AISessionReader.swift; sourceTree = "<group>"; };
		B021CFF3230A350FC6F59BE7 /* ParameterPreviewView.swift */ = {isa = PBXFileReference; lastKnownFileType = sourcecode.swift; path = ParameterPreviewView.swift; sourceTree = "<group>"; };
		B06AD89522D5D5EA0A004C58 /* AutostartManager.swift */ = {isa = PBXFileReference; lastKnownFileType = sourcecode.swift; path = AutostartManager.swift; sourceTree = "<group>"; };
		B0D0BB0CA53FED10DB6C4602 /* SystemContext.swift */ = {isa = PBXFileReference; lastKnownFileType = sourcecode.swift; path = SystemContext.swift; sourceTree = "<group>"; };
		B133F02461650B0E6826B6A1 /* ApplicationConfig.swift */ = {isa = PBXFileReference; lastKnownFileType = sourcecode.swift; path = ApplicationConfig.swift; sourceTree = "<group>"; };
		B34322DC8FA556E2C9F0859F /* WindowModule.swift */ = {isa = PBXFileReference; lastKnownFileType = sourcecode.swift; path = WindowModule.swift; sourceTree = "<group>"; };
		B35AA78CEFBB80E80B23AED9 /* Log.swift */ = {isa = PBXFileReference; lastKnownFileType = sourcecode.swift; path = Log.swift; sourceTree = "<group>"; };
		B78758915F1F1E6946D55646 /* MockModule.swift */ = {isa = PBXFileReference; lastKnownFileType = sourcecode.swift; path = MockModule.swift; sourceTree = "<group>"; };
		B7A9EB0999CEACE4D9A5E2F2 /* PickerMode.swift */ = {isa = PBXFileReference; lastKnownFileType = sourcecode.swift; path = PickerMode.swift; sourceTree = "<group>"; };
		B7D2B996C06917CBD6F59A15 /* URLPatternMatcher.swift */ = {isa = PBXFileReference; lastKnownFileType = sourcecode.swift; path = URLPatternMatcher.swift; sourceTree = "<group>"; };
		B929C1DB892D27C649626040 /* GitHubModule.swift */ = {isa = PBXFileReference; lastKnownFileType = sourcecode.swift; path = GitHubModule.swift; sourceTree = "<group>"; };
		BA91B8C3A37E85896DEB5811 /* BreadcrumbView.swift */ = {isa = PBXFileReference; lastKnownFileType = sourcecode.swift; path = BreadcrumbView.swift; sourceTree = "<group>"; };
		BDBF7BDA779DC1A420CB667D /* PermissionError.swift */ = {isa = PBXFileReference; lastKnownFileType = sourcecode.swift; path = PermissionError.swift; sourceTree = "<group>"; };
		C0A8442C19B4735C5DDEA699 /* PickerView.swift */ = {isa = PBXFileReference; lastKnownFileType = sourcecode.swift; path = PickerView.swift; sourceTree = "<group>"; };
		C0E5FA52B3627E5042B95D9A /* SelfModule.swift */ = {isa = PBXFileReference; lastKnownFileType = sourcecode.swift; path = SelfModule.swift; sourceTree = "<group>"; };
		C30B92942975CA92586FDD94 /* BrowserConfig.swift */ = {isa = PBXFileReference; lastKnownFileType = sourcecode.swift; path = BrowserConfig.swift; sourceTree = "<group>"; };
		C5802724DA06AD2006D0EBBF /* EventBus.swift */ = {isa = PBXFileReference; lastKnownFileType = sourcecode.swift; path = EventBus.swift; sourceTree = "<group>"; };
		C674BF539374751E2D2D0EC6 /* KeyComboManager.swift */ = {isa = PBXFileReference; lastKnownFileType = sourcecode.swift; path = KeyComboManager.swift; sourceTree = "<group>"; };
		C73328491BF69E906AE66D82 /* KeyComboConfig.swift */ = {isa = PBXFileReference; lastKnownFileType = sourcecode.swift; path = KeyComboConfig.swift; sourceTree = "<group>"; };
		C853B1B01D8C28DC90FB3AEB /* AudioViews.swift */ = {isa = PBXFileReference; lastKnownFileType = sourcecode.swift; path = AudioViews.swift; sourceTree = "<group>"; };
		C88FBF5229E2DA524F2B4EC4 /* WindowListHelper.swift */ = {isa = PBXFileReference; lastKnownFileType = sourcecode.swift; path = WindowListHelper.swift; sourceTree = "<group>"; };
		CB189CAEA77A313F970D2B5E /* URIError.swift */ = {isa = PBXFileReference; lastKnownFileType = sourcecode.swift; path = URIError.swift; sourceTree = "<group>"; };
		CC27D80B4D21183EDA931773 /* AudioManager.swift */ = {isa = PBXFileReference; lastKnownFileType = sourcecode.swift; path = AudioManager.swift; sourceTree = "<group>"; };
		CC8A56B0D9DDF840F687CFC1 /* KeyComboError.swift */ = {isa = PBXFileReference; lastKnownFileType = sourcecode.swift; path = KeyComboError.swift; sourceTree = "<group>"; };
		CE796874DA00543249B5D5C8 /* SystemAction.swift */ = {isa = PBXFileReference; lastKnownFileType = sourcecode.swift; path = SystemAction.swift; sourceTree = "<group>"; };
		CECE2580BD0DA77333DE6105 /* FloatingPanel.swift */ = {isa = PBXFileReference; lastKnownFileType = sourcecode.swift; path = FloatingPanel.swift; sourceTree = "<group>"; };
		D0133DB091FEA71DDFFFE3ED /* FavouritesModule.swift */ = {isa = PBXFileReference; lastKnownFileType = sourcecode.swift; path = FavouritesModule.swift; sourceTree = "<group>"; };
		D514327FEB843CC2491B40BA /* SelfViews.swift */ = {isa = PBXFileReference; lastKnownFileType = sourcecode.swift; path = SelfViews.swift; sourceTree = "<group>"; };
		D515886593C7F0ED8D12313A /* SpotifyModule.swift */ = {isa = PBXFileReference; lastKnownFileType = sourcecode.swift; path = SpotifyModule.swift; sourceTree = "<group>"; };
		D6522A3038246181509DFF04 /* ClipboardModule.swift */ = {isa = PBXFileReference; lastKnownFileType = sourcecode.swift; path = ClipboardModule.swift; sourceTree = "<group>"; };
		D6B2F82F7FC0A0B76A0460E8 /* VibeshedUITests.xctest */ = {isa = PBXFileReference; explicitFileType = wrapper.cfbundle; includeInIndex = 0; path = VibeshedUITests.xctest; sourceTree = BUILT_PRODUCTS_DIR; };
		DB49F846148B963183589DE2 /* ActionProtocol.swift */ = {isa = PBXFileReference; lastKnownFileType = sourcecode.swift; path = ActionProtocol.swift; sourceTree = "<group>"; };
		DB4CC26ADC704B3CC3834E8C /* ApplicationModule.swift */ = {isa = PBXFileReference; lastKnownFileType = sourcecode.swift; path = ApplicationModule.swift; sourceTree = "<group>"; };
		DC593BC750E29EC863FBAA1E /* BrowserRegistry.swift */ = {isa = PBXFileReference; lastKnownFileType = sourcecode.swift; path = BrowserRegistry.swift; sourceTree = "<group>"; };
		DF39B723395CDBBA2D59861E /* AppEvent.swift */ = {isa = PBXFileReference; lastKnownFileType = sourcecode.swift; path = AppEvent.swift; sourceTree = "<group>"; };
		E0558DA1B78562E96DD8B326 /* ITermAction.swift */ = {isa = PBXFileReference; lastKnownFileType = sourcecode.swift; path = ITermAction.swift; sourceTree = "<group>"; };
		E14A02F97B4331F9F8949813 /* AudioConfig.swift */ = {isa = PBXFileReference; lastKnownFileType = sourcecode.swift; path = AudioConfig.swift; sourceTree = "<group>"; };
		E4747E26E55BE497F4DE49CD /* ModuleRegistry.swift */ = {isa = PBXFileReference; lastKnownFileType = sourcecode.swift; path = ModuleRegistry.swift; sourceTree = "<group>"; };
		E7F6A1AC73A792839AFF18D5 /* ScoringContext.swift */ = {isa = PBXFileReference; lastKnownFileType = sourcecode.swift; path = ScoringContext.swift; sourceTree = "<group>"; };
		E8310D876702A1EE05FD9019 /* AIModule.swift */ = {isa = PBXFileReference; lastKnownFileType = sourcecode.swift; path = AIModule.swift; sourceTree = "<group>"; };
		E96F4BD07D1B0A04DB6EDC7C /* BrowserManager.swift */ = {isa = PBXFileReference; lastKnownFileType = sourcecode.swift; path = BrowserManager.swift; sourceTree = "<group>"; };
		EC2D569D8FF4C4E43B611C2C /* ActionPreviewView.swift */ = {isa = PBXFileReference; lastKnownFileType = sourcecode.swift; path = ActionPreviewView.swift; sourceTree = "<group>"; };
		EFD4A5FF2F22EF9F5409F0A0 /* ContextualScorer.swift */ = {isa = PBXFileReference; lastKnownFileType = sourcecode.swift; path = ContextualScorer.swift; sourceTree = "<group>"; };
		F144B2654BBFE798E02337D7 /* ColorExtractor.swift */ = {isa = PBXFileReference; lastKnownFileType = sourcecode.swift; path = ColorExtractor.swift; sourceTree = "<group>"; };
		F2D1C635D74BDDA19F4D9527 /* ThemeEngine.swift */ = {isa = PBXFileReference; lastKnownFileType = sourcecode.swift; path = ThemeEngine.swift; sourceTree = "<group>"; };
		F343598BBFBA1E675E67E8FA /* KeyComboParser.swift */ = {isa = PBXFileReference; lastKnownFileType = sourcecode.swift; path = KeyComboParser.swift; sourceTree = "<group>"; };
		F48D8F350A9EA7C042310EC7 /* FavouritesAction.swift */ = {isa = PBXFileReference; lastKnownFileType = sourcecode.swift; path = FavouritesAction.swift; sourceTree = "<group>"; };
		F5966B3AD8D7E6D1F38CCCDC /* WindowInfo.swift */ = {isa = PBXFileReference; lastKnownFileType = sourcecode.swift; path = WindowInfo.swift; sourceTree = "<group>"; };
		F7C75E3059BA27DA134BFEAB /* ITermConfig.swift */ = {isa = PBXFileReference; lastKnownFileType = sourcecode.swift; path = ITermConfig.swift; sourceTree = "<group>"; };
		F8CD4D9B93D1B87153D0DED1 /* AppConfig.swift */ = {isa = PBXFileReference; lastKnownFileType = sourcecode.swift; path = AppConfig.swift; sourceTree = "<group>"; };
		FC74736F84987CF95740A618 /* AIConfig.swift */ = {isa = PBXFileReference; lastKnownFileType = sourcecode.swift; path = AIConfig.swift; sourceTree = "<group>"; };
		FE0A31EA4F7FB33A56398DD6 /* SpotifyViews.swift */ = {isa = PBXFileReference; lastKnownFileType = sourcecode.swift; path = SpotifyViews.swift; sourceTree = "<group>"; };
/* End PBXFileReference section */

/* Begin PBXFrameworksBuildPhase section */
		C550DE7F1981AA8EB5C710B2 /* Frameworks */ = {
			isa = PBXFrameworksBuildPhase;
			buildActionMask = 2147483647;
			files = (
				14E9B0E6E9AFE5D7B1988E78 /* KeyboardShortcuts in Frameworks */,
				C949016BA990443413FE19E4 /* Yams in Frameworks */,
			);
			runOnlyForDeploymentPostprocessing = 0;
		};
/* End PBXFrameworksBuildPhase section */

/* Begin PBXGroup section */
		032FB6C18BB28999475528A2 /* Clipboard */ = {
			isa = PBXGroup;
			children = (
				446B8B1E026DA6512EA13140 /* ClipboardAction.swift */,
				8E6B726992760B441AC3B1B5 /* ClipboardConfig.swift */,
				6A09713D40B6FD10A97B2846 /* ClipboardHistory.swift */,
				AAD53131B970A7282AE9964A /* ClipboardManager.swift */,
				D6522A3038246181509DFF04 /* ClipboardModule.swift */,
				59C4BCC73727B846AD8EEC1C /* ClipboardViews.swift */,
			);
			path = Clipboard;
			sourceTree = "<group>";
		};
		121CFE1BFD602EE79751F3A3 /* Application */ = {
			isa = PBXGroup;
			children = (
				062E1AD465DCDB255A65A6F8 /* AppInfo.swift */,
				3588A93D7FFED0E21344E66A /* ApplicationAction.swift */,
				B133F02461650B0E6826B6A1 /* ApplicationConfig.swift */,
				0D9E864CC6A3B2C40E0A6309 /* ApplicationManager.swift */,
				DB4CC26ADC704B3CC3834E8C /* ApplicationModule.swift */,
				4A9B251FE71873607C50007B /* ApplicationViews.swift */,
			);
			path = Application;
			sourceTree = "<group>";
		};
		147EBADD4A08F86218920A23 /* EventBus */ = {
			isa = PBXGroup;
			children = (
				DF39B723395CDBBA2D59861E /* AppEvent.swift */,
				C5802724DA06AD2006D0EBBF /* EventBus.swift */,
			);
			path = EventBus;
			sourceTree = "<group>";
		};
		165D1B23B4BF59AD7FBCAA17 /* Logging */ = {
			isa = PBXGroup;
			children = (
				B35AA78CEFBB80E80B23AED9 /* Log.swift */,
			);
			path = Logging;
			sourceTree = "<group>";
		};
		176750578DC67FE4322E2ADC /* Theme */ = {
			isa = PBXGroup;
			children = (
				0F55A3B785B7D36B4925CCF3 /* AppColorMap.swift */,
				F144B2654BBFE798E02337D7 /* ColorExtractor.swift */,
				F2D1C635D74BDDA19F4D9527 /* ThemeEngine.swift */,
				3EB6E95CDF04FD4669FC5B1B /* VibeTheme.swift */,
			);
			path = Theme;
			sourceTree = "<group>";
		};
		322EF4AADF3884540E53CC39 /* Spotify */ = {
			isa = PBXGroup;
			children = (
				5D8144EFCFF5CF8435248E1A /* SpotifyAction.swift */,
				7D8049C70FA55E988CE3C0C9 /* SpotifyConfig.swift */,
				822F94E79AD60A9BEC353242 /* SpotifyManager.swift */,
				D515886593C7F0ED8D12313A /* SpotifyModule.swift */,
				0626AF1C878011406AE9BA3D /* SpotifySearchClient.swift */,
				FE0A31EA4F7FB33A56398DD6 /* SpotifyViews.swift */,
			);
			path = Spotify;
			sourceTree = "<group>";
		};
		35F91EB28AB68C093BF89A32 /* System */ = {
			isa = PBXGroup;
			children = (
				CE796874DA00543249B5D5C8 /* SystemAction.swift */,
				4D9A9B514691A256BA2D763D /* SystemConfig.swift */,
				AC0031C721E532442555FB80 /* SystemManager.swift */,
				98A6F4088BAAC926B805DC4B /* SystemModule.swift */,
				1A4BB7D19489F0599928D94B /* SystemViews.swift */,
			);
			path = System;
			sourceTree = "<group>";
		};
		3D94F271D5718440A589DEB5 /* Config */ = {
			isa = PBXGroup;
			children = (
				F8CD4D9B93D1B87153D0DED1 /* AppConfig.swift */,
				9C121B86E848FDC88BD5B68E /* ConfigManager.swift */,
			);
			path = Config;
			sourceTree = "<group>";
		};
		5B5348C76F8FBCCB52E0E6AA /* Picker */ = {
			isa = PBXGroup;
			children = (
				54A380827CE63DE4341D875A /* ActionListItemView.swift */,
				5DF8B4E3AFE960C7097A99CD /* ActionListView.swift */,
				EC2D569D8FF4C4E43B611C2C /* ActionPreviewView.swift */,
				BA91B8C3A37E85896DEB5811 /* BreadcrumbView.swift */,
				936D19BB79AA1298EBF0BD9B /* FuzzyMatcher.swift */,
				8BE121A64D8362458E754604 /* ParameterInputView.swift */,
				B021CFF3230A350FC6F59BE7 /* ParameterPreviewView.swift */,
				352E1E4FAE31463DB02908E6 /* PickerCoordinator.swift */,
				B7A9EB0999CEACE4D9A5E2F2 /* PickerMode.swift */,
				7327E3749066AA84C5E85773 /* PickerSearchField.swift */,
				208003692F680ED31E2FCFD0 /* PickerState.swift */,
				C0A8442C19B4735C5DDEA699 /* PickerView.swift */,
				1FCAB27C3F7A49EAD6D99512 /* ResultView.swift */,
				38B01404B1E693B7475E0E89 /* UsageTracker.swift */,
			);
			path = Picker;
			sourceTree = "<group>";
		};
		5C2F9479174C201FF5C56093 /* Browser */ = {
			isa = PBXGroup;
			children = (
				5F3384991E0138BD50F2E11F /* BrowserAction.swift */,
				C30B92942975CA92586FDD94 /* BrowserConfig.swift */,
				E96F4BD07D1B0A04DB6EDC7C /* BrowserManager.swift */,
				4EA71D1CAA60BF993D081784 /* BrowserModule.swift */,
				6E219B18F567229E53625D61 /* BrowserViews.swift */,
				5352517B5FDB46524F1DAB7A /* TabInfo.swift */,
			);
			path = Browser;
			sourceTree = "<group>";
		};
		5DFA9F92CA430AB0AD86971A /* Testing */ = {
			isa = PBXGroup;
			children = (
				B78758915F1F1E6946D55646 /* MockModule.swift */,
			);
			path = Testing;
			sourceTree = "<group>";
		};
		5FF7CF94385E9421EF239B58 /* Infrastructure */ = {
			isa = PBXGroup;
			children = (
				9C44183754AB680F5BFFC627 /* Browsers */,
				3D94F271D5718440A589DEB5 /* Config */,
				E8FFED650491E50C607374E4 /* Context */,
				147EBADD4A08F86218920A23 /* EventBus */,
				EA31E4E1E1129E37285178D2 /* KeyCombo */,
				165D1B23B4BF59AD7FBCAA17 /* Logging */,
				D7D4780C004F485DC17FF4F1 /* Permissions */,
				176750578DC67FE4322E2ADC /* Theme */,
				F6423A316C342E87DAAA450A /* URI */,
				84AF6572A978FC87176F7518 /* Windows */,
				B06AD89522D5D5EA0A004C58 /* AutostartManager.swift */,
			);
			path = Infrastructure;
			sourceTree = "<group>";
		};
		680ED609AF9A72BDFA7F1EEE /* VSCode */ = {
			isa = PBXGroup;
			children = (
				21D55D3AD4E529F17CF0E1CD /* VSCodeAction.swift */,
				57CA83C483CF8926822C58B3 /* VSCodeConfig.swift */,
				2DD782530B7A954DC31BE9B5 /* VSCodeManager.swift */,
				1195B84DE0470B9ECA7FA886 /* VSCodeModule.swift */,
				5C23DA7556C275B5C5220613 /* VSCodeViews.swift */,
			);
			path = VSCode;
			sourceTree = "<group>";
		};
		6B158C85B161BCB1B069F1EA /* Audio */ = {
			isa = PBXGroup;
			children = (
				5FD8FDE49D54EE792EC201EE /* AudioAction.swift */,
				E14A02F97B4331F9F8949813 /* AudioConfig.swift */,
				CC27D80B4D21183EDA931773 /* AudioManager.swift */,
				0CE70702CB51344C7F67E22C /* AudioModule.swift */,
				C853B1B01D8C28DC90FB3AEB /* AudioViews.swift */,
			);
			path = Audio;
			sourceTree = "<group>";
		};
		73A1C211D688F50947991671 /* Vibeshed */ = {
			isa = PBXGroup;
			children = (
				DF573337DA8753DD35863D5B /* App */,
				5FF7CF94385E9421EF239B58 /* Infrastructure */,
				CE1A80B475876CF8D5CE357B /* Modules */,
				A80DE735D8F001FB5F83652F /* Panel */,
				5B5348C76F8FBCCB52E0E6AA /* Picker */,
				95D98F51D32873CD6015D14E /* StatusBar */,
				5DFA9F92CA430AB0AD86971A /* Testing */,
				9FE0948F9E4C7CF35543D5EA /* Vibeshed.entitlements */,
			);
			path = Vibeshed;
			sourceTree = "<group>";
		};
		7DDDFC4A6B487C823FDAC4CD /* Telegram */ = {
			isa = PBXGroup;
			children = (
				1AA10C3A80C434A2BF4EFA72 /* TelegramAction.swift */,
				15895EBC1EC438F221591968 /* TelegramConfig.swift */,
				25634DECA017187F0F59F2F3 /* TelegramModule.swift */,
				00718CF855B5A09CDF1E8C70 /* TelegramViews.swift */,
			);
			path = Telegram;
			sourceTree = "<group>";
		};
		84AF6572A978FC87176F7518 /* Windows */ = {
			isa = PBXGroup;
			children = (
				962BFFC4E725F76A9E60CF13 /* AXWindowHelper.swift */,
				F5966B3AD8D7E6D1F38CCCDC /* WindowInfo.swift */,
				C88FBF5229E2DA524F2B4EC4 /* WindowListHelper.swift */,
			);
			path = Windows;
			sourceTree = "<group>";
		};
		95D98F51D32873CD6015D14E /* StatusBar */ = {
			isa = PBXGroup;
			children = (
				A8806170C30191A13DF0A8EB /* StatusBarView.swift */,
			);
			path = StatusBar;
			sourceTree = "<group>";
		};
		992F02B913AC389E6E3250DA = {
			isa = PBXGroup;
			children = (
				73A1C211D688F50947991671 /* Vibeshed */,
				EB778998935EDC0CB5E7149F /* VibeshedUITests */,
				C445A4F6C841E231F3CC8E90 /* Products */,
			);
			sourceTree = "<group>";
		};
		9C44183754AB680F5BFFC627 /* Browsers */ = {
			isa = PBXGroup;
			children = (
				DC593BC750E29EC863FBAA1E /* BrowserRegistry.swift */,
			);
			path = Browsers;
			sourceTree = "<group>";
		};
		A80DE735D8F001FB5F83652F /* Panel */ = {
			isa = PBXGroup;
			children = (
				CECE2580BD0DA77333DE6105 /* FloatingPanel.swift */,
				20AE5A9B5F9C29692AF3F7E9 /* PanelController.swift */,
			);
			path = Panel;
			sourceTree = "<group>";
		};
		C445A4F6C841E231F3CC8E90 /* Products */ = {
			isa = PBXGroup;
			children = (
				9FC745B543940A91AB7B27ED /* Vibeshed.app */,
				D6B2F82F7FC0A0B76A0460E8 /* VibeshedUITests.xctest */,
			);
			name = Products;
			sourceTree = "<group>";
		};
		CB86A5676D8B4622DF9F6EF7 /* AI */ = {
			isa = PBXGroup;
			children = (
				8569D673AF6EF12860F21D9D /* AIAction.swift */,
				FC74736F84987CF95740A618 /* AIConfig.swift */,
				E8310D876702A1EE05FD9019 /* AIModule.swift */,
				AC7E87CCF8BEC9D7C5A53202 /* AISessionReader.swift */,
				7BCCEEC2877D6B5DB8D82F53 /* AIViews.swift */,
			);
			path = AI;
			sourceTree = "<group>";
		};
		CC79A212C955B1A91BEA92B9 /* Window */ = {
			isa = PBXGroup;
			children = (
				4BE3580CD756F5FFD0B48A63 /* WindowAction.swift */,
				8DA1758EA29966199387EBA3 /* WindowConfig.swift */,
				80502C0F7525DAD7A5772B39 /* WindowManager.swift */,
				B34322DC8FA556E2C9F0859F /* WindowModule.swift */,
				92EF5FE81493E68F9AEEB45B /* WindowSizing.swift */,
				582466933CC3099804583635 /* WindowViews.swift */,
			);
			path = Window;
			sourceTree = "<group>";
		};
		CDCA6957FCC69B4078FD488F /* ITerm */ = {
			isa = PBXGroup;
			children = (
				E0558DA1B78562E96DD8B326 /* ITermAction.swift */,
				F7C75E3059BA27DA134BFEAB /* ITermConfig.swift */,
				064550D7B13335633EEDF0B9 /* ITermManager.swift */,
				23919FA10C14BD6E11CC3C55 /* ITermModule.swift */,
				47BCAE127DD3D2EFCDB13293 /* ITermViews.swift */,
			);
			path = ITerm;
			sourceTree = "<group>";
		};
		CE1A80B475876CF8D5CE357B /* Modules */ = {
			isa = PBXGroup;
			children = (
				CB86A5676D8B4622DF9F6EF7 /* AI */,
				121CFE1BFD602EE79751F3A3 /* Application */,
				6B158C85B161BCB1B069F1EA /* Audio */,
				5C2F9479174C201FF5C56093 /* Browser */,
				032FB6C18BB28999475528A2 /* Clipboard */,
				F2119E6A7B584AF3200CC0EE /* Favourites */,
				EC60F5C2010CA522D4A4D26B /* GitHub */,
				CDCA6957FCC69B4078FD488F /* ITerm */,
				FC5BE721316CC0453763EDF4 /* Self */,
				322EF4AADF3884540E53CC39 /* Spotify */,
				35F91EB28AB68C093BF89A32 /* System */,
				7DDDFC4A6B487C823FDAC4CD /* Telegram */,
				680ED609AF9A72BDFA7F1EEE /* VSCode */,
				CC79A212C955B1A91BEA92B9 /* Window */,
				746AF9FACF266F596E371361 /* ActionParameter.swift */,
				DB49F846148B963183589DE2 /* ActionProtocol.swift */,
				7C2FE607D1BDC2A89FEB29F5 /* ActionResult.swift */,
				6F41797635891B1CDE1F5A17 /* ModuleConfigDecoder.swift */,
				1513BE419E01E789723255D9 /* ModuleConfigurable.swift */,
				804FC8C70D8A56D626C60F1B /* ModuleContext.swift */,
				4F9F91D6438A281396DDB289 /* ModuleProtocol.swift */,
				E4747E26E55BE497F4DE49CD /* ModuleRegistry.swift */,
				E7F6A1AC73A792839AFF18D5 /* ScoringContext.swift */,
			);
			path = Modules;
			sourceTree = "<group>";
		};
		D7D4780C004F485DC17FF4F1 /* Permissions */ = {
			isa = PBXGroup;
			children = (
				535838F2C4C0C703409BB16B /* Permission.swift */,
				BDBF7BDA779DC1A420CB667D /* PermissionError.swift */,
				6F96BD0F02421A8BE5B321BB /* PermissionsManager.swift */,
			);
			path = Permissions;
			sourceTree = "<group>";
		};
		DF573337DA8753DD35863D5B /* App */ = {
			isa = PBXGroup;
			children = (
				15A98A537C97C7284F255A5E /* AppDelegate.swift */,
				8E54281B09B50928C70FF2D7 /* VibeshedApp.swift */,
			);
			path = App;
			sourceTree = "<group>";
		};
		E8FFED650491E50C607374E4 /* Context */ = {
			isa = PBXGroup;
			children = (
				EFD4A5FF2F22EF9F5409F0A0 /* ContextualScorer.swift */,
				B0D0BB0CA53FED10DB6C4602 /* SystemContext.swift */,
			);
			path = Context;
			sourceTree = "<group>";
		};
		EA31E4E1E1129E37285178D2 /* KeyCombo */ = {
			isa = PBXGroup;
			children = (
				161DDBD097B45417F2BDBE4B /* CapsLockMonitor.swift */,
				A97DC18026FF987749FD0A76 /* EventTapHandler.swift */,
				C73328491BF69E906AE66D82 /* KeyComboConfig.swift */,
				CC8A56B0D9DDF840F687CFC1 /* KeyComboError.swift */,
				C674BF539374751E2D2D0EC6 /* KeyComboManager.swift */,
				F343598BBFBA1E675E67E8FA /* KeyComboParser.swift */,
			);
			path = KeyCombo;
			sourceTree = "<group>";
		};
		EB778998935EDC0CB5E7149F /* VibeshedUITests */ = {
			isa = PBXGroup;
			children = (
				9C5FBF0D0478B3732EABBAAB /* PickerUITests.swift */,
			);
			path = VibeshedUITests;
			sourceTree = "<group>";
		};
		EC60F5C2010CA522D4A4D26B /* GitHub */ = {
			isa = PBXGroup;
			children = (
				96BC2CBFC6267379E9E75513 /* GitHubAction.swift */,
				04C106F20D6352C674274DD0 /* GitHubAPIClient.swift */,
				4DDB60FC612FD4033396668E /* GitHubConfig.swift */,
				B929C1DB892D27C649626040 /* GitHubModule.swift */,
				20EF9C2DC8C7A310750AF32C /* GitHubViews.swift */,
			);
			path = GitHub;
			sourceTree = "<group>";
		};
		F2119E6A7B584AF3200CC0EE /* Favourites */ = {
			isa = PBXGroup;
			children = (
				F48D8F350A9EA7C042310EC7 /* FavouritesAction.swift */,
				A5158C2F2311D61BE3095AD6 /* FavouritesConfig.swift */,
				D0133DB091FEA71DDFFFE3ED /* FavouritesModule.swift */,
				91214903EDD3F3788F39200A /* FavouritesViews.swift */,
			);
			path = Favourites;
			sourceTree = "<group>";
		};
		F6423A316C342E87DAAA450A /* URI */ = {
			isa = PBXGroup;
			children = (
				CB189CAEA77A313F970D2B5E /* URIError.swift */,
				606BA634897E6297AF0F4511 /* URIManager.swift */,
				B7D2B996C06917CBD6F59A15 /* URLPatternMatcher.swift */,
				7C8EDB21158ABED019BCA712 /* URLRoutingConfig.swift */,
			);
			path = URI;
			sourceTree = "<group>";
		};
		FC5BE721316CC0453763EDF4 /* Self */ = {
			isa = PBXGroup;
			children = (
				0DF379388C55ACA27C16CB7A /* SelfAction.swift */,
				6D3242BF1668062BBD1738D2 /* SelfConfig.swift */,
				C0E5FA52B3627E5042B95D9A /* SelfModule.swift */,
				D514327FEB843CC2491B40BA /* SelfViews.swift */,
			);
			path = Self;
			sourceTree = "<group>";
		};
/* End PBXGroup section */

/* Begin PBXNativeTarget section */
		326FD7A114B92DA2A4DAABBC /* VibeshedUITests */ = {
			isa = PBXNativeTarget;
			buildConfigurationList = 0CAE40358B04B480B57BF761 /* Build configuration list for PBXNativeTarget "VibeshedUITests" */;
			buildPhases = (
				B6B3F944961752FC60260BC1 /* Sources */,
			);
			buildRules = (
			);
			dependencies = (
				4A186ED84E39B85DC81B2278 /* PBXTargetDependency */,
			);
			name = VibeshedUITests;
			packageProductDependencies = (
			);
			productName = VibeshedUITests;
			productReference = D6B2F82F7FC0A0B76A0460E8 /* VibeshedUITests.xctest */;
			productType = "com.apple.product-type.bundle.ui-testing";
		};
		4A67709EC858665E0BBE2E0F /* Vibeshed */ = {
			isa = PBXNativeTarget;
			buildConfigurationList = FC9BE57795DD42015794ADCA /* Build configuration list for PBXNativeTarget "Vibeshed" */;
			buildPhases = (
				22B795AED1DBF1B1F1DC4FD2 /* Sources */,
				C550DE7F1981AA8EB5C710B2 /* Frameworks */,
			);
			buildRules = (
			);
			dependencies = (
			);
			name = Vibeshed;
			packageProductDependencies = (
				5A6BC3101CE0E9C87F20C141 /* KeyboardShortcuts */,
				20C3059357BAE74908B7FD8E /* Yams */,
			);
			productName = Vibeshed;
			productReference = 9FC745B543940A91AB7B27ED /* Vibeshed.app */;
			productType = "com.apple.product-type.application";
		};
/* End PBXNativeTarget section */

/* Begin PBXProject section */
		5E6B7CF84E09EF9890C2AC71 /* Project object */ = {
			isa = PBXProject;
			attributes = {
				BuildIndependentTargetsInParallel = YES;
				LastUpgradeCheck = 1600;
				TargetAttributes = {
					326FD7A114B92DA2A4DAABBC = {
						TestTargetID = 4A67709EC858665E0BBE2E0F;
					};
				};
			};
			buildConfigurationList = E01B6EA541225C9C27AFB8BC /* Build configuration list for PBXProject "Vibeshed" */;
			compatibilityVersion = "Xcode 14.0";
			developmentRegion = en;
			hasScannedForEncodings = 0;
			knownRegions = (
				Base,
				en,
			);
			mainGroup = 992F02B913AC389E6E3250DA;
			minimizedProjectReferenceProxies = 1;
			packageReferences = (
				07AD761BFFFEE365E904AEA5 /* XCRemoteSwiftPackageReference "KeyboardShortcuts" */,
				9B7CFD75670DD1DB3DFE8095 /* XCRemoteSwiftPackageReference "SwiftFormat" */,
				02770868DD0B43DE82B9EBBA /* XCRemoteSwiftPackageReference "SwiftLintPlugins" */,
				E8F92D1DD3B0A98E4075AD23 /* XCRemoteSwiftPackageReference "Yams" */,
			);
			projectDirPath = "";
			projectRoot = "";
			targets = (
				4A67709EC858665E0BBE2E0F /* Vibeshed */,
				326FD7A114B92DA2A4DAABBC /* VibeshedUITests */,
			);
		};
/* End PBXProject section */

/* Begin PBXSourcesBuildPhase section */
		22B795AED1DBF1B1F1DC4FD2 /* Sources */ = {
			isa = PBXSourcesBuildPhase;
			buildActionMask = 2147483647;
			files = (
				D57CB56AE1C390661CEE2813 /* AIAction.swift in Sources */,
				B0F1D7E315BE53FEAB80AE30 /* AIConfig.swift in Sources */,
				1A42B2314E25DB9B810D5AF6 /* AIModule.swift in Sources */,
				BE87FA88A39544C78CB6EF8C /* AISessionReader.swift in Sources */,
				E5049B28F6B5DA613777D2A4 /* AIViews.swift in Sources */,
				F4ABF07F5DFC232544878EB3 /* AXWindowHelper.swift in Sources */,
				913C9E017379125796B16D05 /* ActionListItemView.swift in Sources */,
				79640CDB97016A2A7AEDE542 /* ActionListView.swift in Sources */,
				95D0E5C4A985DE6CE6742564 /* ActionParameter.swift in Sources */,
				7EC3C324CFD4983DA603EC70 /* ActionPreviewView.swift in Sources */,
				CFD458CE359FC6A096F0D12B /* ActionProtocol.swift in Sources */,
				8FE26D4891A32E08CA7E8E78 /* ActionResult.swift in Sources */,
				3F7617A488411B2871B14860 /* AppColorMap.swift in Sources */,
				8D4A6AF37A22F230F3CF8791 /* AppConfig.swift in Sources */,
				BFD0CB0176B127700DD66C0F /* AppDelegate.swift in Sources */,
				F712C8197F9E6898619DEE7F /* AppEvent.swift in Sources */,
				31E52CA77AC11D60C708B074 /* AppInfo.swift in Sources */,
				E30469E1250A0BCD3E8E9136 /* ApplicationAction.swift in Sources */,
				6E62311460A503FFABE6C737 /* ApplicationConfig.swift in Sources */,
				13075FB2202D1A8BB16E5B53 /* ApplicationManager.swift in Sources */,
				ADC6087F25E247683654EABC /* ApplicationModule.swift in Sources */,
				931E2511C69070341F05277D /* ApplicationViews.swift in Sources */,
				E9D0F5CCAD5F73EF18C721FA /* AudioAction.swift in Sources */,
				D0A9E3E624D15B9BF2ED768E /* AudioConfig.swift in Sources */,
				0D1E263219C88E3846DCFC0D /* AudioManager.swift in Sources */,
				F224E0D733B49B9E5AFFE634 /* AudioModule.swift in Sources */,
				7286C526EAD33749BE2C1374 /* AudioViews.swift in Sources */,
				4AA449C368387B225BC96B09 /* AutostartManager.swift in Sources */,
				077DB905E3C3212421414315 /* BreadcrumbView.swift in Sources */,
				2C0A9C8FDECE2050A1B518D5 /* BrowserAction.swift in Sources */,
				2328AF3D2A95F36C27DDB9F5 /* BrowserConfig.swift in Sources */,
				DDED293C24F9FA927C3AA856 /* BrowserManager.swift in Sources */,
				995EDEFBC259CBEFA481EFB2 /* BrowserModule.swift in Sources */,
				255C340B0D6F21FB2C5A835C /* BrowserRegistry.swift in Sources */,
				4352D3AFA3A1921997B26856 /* BrowserViews.swift in Sources */,
				ACA2BC676B901EE437D6634F /* CapsLockMonitor.swift in Sources */,
				204E452B5DD345D8E75F60E6 /* ClipboardAction.swift in Sources */,
				4B81ED2F3B74EF92D0E4497F /* ClipboardConfig.swift in Sources */,
				264B011C2509938D22DD7E0A /* ClipboardHistory.swift in Sources */,
				71A7F48CD8505290F066ED94 /* ClipboardManager.swift in Sources */,
				E462877A80931C5EE47D19C0 /* ClipboardModule.swift in Sources */,
				C5A58A5D54F74BBD24E65B5B /* ClipboardViews.swift in Sources */,
				1FD762AF7C211586DE430966 /* ColorExtractor.swift in Sources */,
				3CF947AC4BCCC4CF4A29E87D /* ConfigManager.swift in Sources */,
				DFA96FC776518ED7DD9D47AB /* ContextualScorer.swift in Sources */,
				A80AA70E393B1EE7F1EFC5C7 /* EventBus.swift in Sources */,
				6C4F796A9B7F3E2729373BF6 /* EventTapHandler.swift in Sources */,
				2995F41304EEAAB61F713C91 /* FavouritesAction.swift in Sources */,
				A3157878BE2F89DCB2C83726 /* FavouritesConfig.swift in Sources */,
				60C2EFD18190CB517EC09D02 /* FavouritesModule.swift in Sources */,
				3EA44B88E7D19A79F976365F /* FavouritesViews.swift in Sources */,
				DF5A1B0761CE3F187D620737 /* FloatingPanel.swift in Sources */,
				8D622AD2D81A1C58F12B450A /* FuzzyMatcher.swift in Sources */,
				7A9899CDC1879E289FA86A92 /* GitHubAPIClient.swift in Sources */,
				779F1F831F9C489AB9A5C5FD /* GitHubAction.swift in Sources */,
				CBC5FB40DFFBBD5901BC63B9 /* GitHubConfig.swift in Sources */,
				E5E884E5AA3F96CB26838A7E /* GitHubModule.swift in Sources */,
				A9E8C9D11773C40D5293BF92 /* GitHubViews.swift in Sources */,
				E4DD880D24E4C354F8F0132B /* ITermAction.swift in Sources */,
				20680A066E4785370D44F024 /* ITermConfig.swift in Sources */,
				B93F02998309D7FDB5168750 /* ITermManager.swift in Sources */,
				D7964BBAA974A80FF8251325 /* ITermModule.swift in Sources */,
				FC13147F2D9D59E384E9A78B /* ITermViews.swift in Sources */,
				396830DA9740FDA937CD8599 /* KeyComboConfig.swift in Sources */,
				3962B7B13CF519C1D0BD5EAE /* KeyComboError.swift in Sources */,
				F1CCA6E4B6A52E8FCB6E1DC0 /* KeyComboManager.swift in Sources */,
				041F01AC30ED0DD4089D733F /* KeyComboParser.swift in Sources */,
				334F8E5B2F7C6A14E3E5B35B /* Log.swift in Sources */,
				93E065D34421DD7D859DD22B /* MockModule.swift in Sources */,
				E67785AB9BF9FA0C919C6E3F /* ModuleConfigDecoder.swift in Sources */,
				66FCCAC15C49EABAC2232FE7 /* ModuleConfigurable.swift in Sources */,
				FF8A2959BA96EDB8ECCE5349 /* ModuleContext.swift in Sources */,
				5E49C36BB50BF04370251400 /* ModuleProtocol.swift in Sources */,
				07F5E533479F8B22C3E9BC2A /* ModuleRegistry.swift in Sources */,
				59036360B596B4EE5F67B5B1 /* PanelController.swift in Sources */,
				F23AB1993755DA2BB9D31FA5 /* ParameterInputView.swift in Sources */,
				96686EA3FD30E50AABF6C407 /* ParameterPreviewView.swift in Sources */,
				DB807B093A5CFC3210B7DC4B /* Permission.swift in Sources */,
				97222BF01431BBCE9C523AC8 /* PermissionError.swift in Sources */,
				8067EBE14A4A6CC56B5838B5 /* PermissionsManager.swift in Sources */,
				1003A41AE0343E4F6AA62345 /* PickerCoordinator.swift in Sources */,
				E63A0313CAED734C46B2DD15 /* PickerMode.swift in Sources */,
				6871F27BAFF1427FDB1453D1 /* PickerSearchField.swift in Sources */,
				DDB4D5AB23A5645D335B5BE7 /* PickerState.swift in Sources */,
				02548D99A1CD6A65D7CDC693 /* PickerView.swift in Sources */,
				171C6EBA73F0AA5A3E3BBC0C /* ResultView.swift in Sources */,
				A0CEC1A7E201671142F6B2FB /* ScoringContext.swift in Sources */,
				4FD820BD7FA5647DB2B473AC /* SelfAction.swift in Sources */,
				73CE604B38A5BFE38E44207E /* SelfConfig.swift in Sources */,
				AAB630428DB3F870EED6552D /* SelfModule.swift in Sources */,
				B2C5A55E10EB0CAE8ECC6D49 /* SelfViews.swift in Sources */,
				AA8729442A5EC8BAD6A0894B /* SpotifyAction.swift in Sources */,
				9619B780D02183E7B67EFC0A /* SpotifyConfig.swift in Sources */,
				6CFDFCF47BB738E6AD8AF622 /* SpotifyManager.swift in Sources */,
				2DACAF4DD583EF60ED07879D /* SpotifyModule.swift in Sources */,
				3093370FE128AD59B45ED912 /* SpotifySearchClient.swift in Sources */,
				84486301758DD5C33D0D5757 /* SpotifyViews.swift in Sources */,
				BB56F7160EFCDE4997100091 /* StatusBarView.swift in Sources */,
				D676EC37BEBC703711937B7F /* SystemAction.swift in Sources */,
				FB7B8866EE79D159D9FE6779 /* SystemConfig.swift in Sources */,
				07A7EF5E0C469A2B650D4DAE /* SystemContext.swift in Sources */,
				4E3BB52927177686D7DCA7AD /* SystemManager.swift in Sources */,
				83548603855D56F887FA1C0F /* SystemModule.swift in Sources */,
				793ED9A1D968A1BA2AEF565F /* SystemViews.swift in Sources */,
				36B27A1580D234F95BA94173 /* TabInfo.swift in Sources */,
				202D6017E32DF2284A131D33 /* TelegramAction.swift in Sources */,
				C8D2659FD07937FDCCD288EE /* TelegramConfig.swift in Sources */,
				F1126644BECA28FE4E31ACD2 /* TelegramModule.swift in Sources */,
				61EB23DEF7F5C1DAA354DBB1 /* TelegramViews.swift in Sources */,
				0E3EB6D3F4FB891E856CB009 /* ThemeEngine.swift in Sources */,
				283D9C1C11FB31FA39CDFD8E /* URIError.swift in Sources */,
				695F443E3B19E77126B270EE /* URIManager.swift in Sources */,
				B60EF7639141052C47AD73A2 /* URLPatternMatcher.swift in Sources */,
				EDE87CBDEFE85C9F204C7812 /* URLRoutingConfig.swift in Sources */,
				7B2F5E52F149A38353B71DFF /* UsageTracker.swift in Sources */,
				BBE036965B47FD58F5E7204B /* VSCodeAction.swift in Sources */,
				DB866678B280AE9E954F9993 /* VSCodeConfig.swift in Sources */,
				A377B2E3D61720E628B947E9 /* VSCodeManager.swift in Sources */,
				0C198076E96A3F6B30473E5D /* VSCodeModule.swift in Sources */,
				44C7B45514DEC11E0D00623C /* VSCodeViews.swift in Sources */,
				A31111C9B280F568344A91BC /* VibeTheme.swift in Sources */,
				6C3C30FFC99B8AA7DC2E8440 /* VibeshedApp.swift in Sources */,
				48FE3623D80A9C5786E5AFE2 /* WindowAction.swift in Sources */,
				FEBE9E0C5926EADE0E4FE7E9 /* WindowConfig.swift in Sources */,
				F12B600A03A2537750192365 /* WindowInfo.swift in Sources */,
				18056C3B63BA39DF8E0D59F4 /* WindowListHelper.swift in Sources */,
				7CEFE1015C09A5C87A079C34 /* WindowManager.swift in Sources */,
				AEBBD3F6196A0B9F547E4DDB /* WindowModule.swift in Sources */,
				73F80921700FA55C939BE413 /* WindowSizing.swift in Sources */,
				25C7027EE3F622432F1504CF /* WindowViews.swift in Sources */,
			);
			runOnlyForDeploymentPostprocessing = 0;
		};
		B6B3F944961752FC60260BC1 /* Sources */ = {
			isa = PBXSourcesBuildPhase;
			buildActionMask = 2147483647;
			files = (
				8C11BFBAED563CBCCD082962 /* PickerUITests.swift in Sources */,
			);
			runOnlyForDeploymentPostprocessing = 0;
		};
/* End PBXSourcesBuildPhase section */

/* Begin PBXTargetDependency section */
		4A186ED84E39B85DC81B2278 /* PBXTargetDependency */ = {
			isa = PBXTargetDependency;
			target = 4A67709EC858665E0BBE2E0F /* Vibeshed */;
			targetProxy = 748AA067970BCA343B58CF8D /* PBXContainerItemProxy */;
		};
/* End PBXTargetDependency section */

/* Begin XCBuildConfiguration section */
		044302E089ED502443C53BD2 /* Debug */ = {
			isa = XCBuildConfiguration;
			buildSettings = {
				ASSETCATALOG_COMPILER_APPICON_NAME = AppIcon;
				AUTOMATION_APPLE_EVENTS = YES;
				CODE_SIGN_IDENTITY = "-";
				COMBINE_HIDPI_IMAGES = YES;
				ENABLE_APP_SANDBOX = NO;
				ENABLE_HARDENED_RUNTIME = YES;
				ENABLE_RESOURCE_ACCESS_AUDIO_INPUT = NO;
				ENABLE_RESOURCE_ACCESS_CALENDARS = NO;
				ENABLE_RESOURCE_ACCESS_CAMERA = NO;
				ENABLE_RESOURCE_ACCESS_CONTACTS = NO;
				ENABLE_RESOURCE_ACCESS_LOCATION = NO;
				ENABLE_RESOURCE_ACCESS_PHOTO_LIBRARY = NO;
				INFOPLIST_FILE = Vibeshed/Info.plist;
				LD_RUNPATH_SEARCH_PATHS = (
					"$(inherited)",
					"@executable_path/../Frameworks",
				);
				MACOSX_DEPLOYMENT_TARGET = 14.0;
				PRODUCT_BUNDLE_IDENTIFIER = com.ivandmitriev.Vibeshed;
				RUNTIME_EXCEPTION_ALLOW_DYLD_ENVIRONMENT_VARIABLES = NO;
				RUNTIME_EXCEPTION_ALLOW_JIT = NO;
				RUNTIME_EXCEPTION_ALLOW_UNSIGNED_EXECUTABLE_MEMORY = NO;
				RUNTIME_EXCEPTION_DEBUGGING_TOOL = NO;
				RUNTIME_EXCEPTION_DISABLE_EXECUTABLE_PAGE_PROTECTION = NO;
				RUNTIME_EXCEPTION_DISABLE_LIBRARY_VALIDATION = NO;
				SDKROOT = macosx;
				SWIFT_VERSION = 5.9;
			};
			name = Debug;
		};
		13940ABC34344FEC3BA05DAF /* Release */ = {
			isa = XCBuildConfiguration;
			buildSettings = {
				ALWAYS_SEARCH_USER_PATHS = NO;
				CLANG_ANALYZER_NONNULL = YES;
				CLANG_ANALYZER_NUMBER_OBJECT_CONVERSION = YES_AGGRESSIVE;
				CLANG_CXX_LANGUAGE_STANDARD = "gnu++14";
				CLANG_CXX_LIBRARY = "libc++";
				CLANG_ENABLE_MODULES = YES;
				CLANG_ENABLE_OBJC_ARC = YES;
				CLANG_ENABLE_OBJC_WEAK = YES;
				CLANG_WARN_BLOCK_CAPTURE_AUTORELEASING = YES;
				CLANG_WARN_BOOL_CONVERSION = YES;
				CLANG_WARN_COMMA = YES;
				CLANG_WARN_CONSTANT_CONVERSION = YES;
				CLANG_WARN_DEPRECATED_OBJC_IMPLEMENTATIONS = YES;
				CLANG_WARN_DIRECT_OBJC_ISA_USAGE = YES_ERROR;
				CLANG_WARN_DOCUMENTATION_COMMENTS = YES;
				CLANG_WARN_EMPTY_BODY = YES;
				CLANG_WARN_ENUM_CONVERSION = YES;
				CLANG_WARN_INFINITE_RECURSION = YES;
				CLANG_WARN_INT_CONVERSION = YES;
				CLANG_WARN_NON_LITERAL_NULL_CONVERSION = YES;
				CLANG_WARN_OBJC_IMPLICIT_RETAIN_SELF = YES;
				CLANG_WARN_OBJC_LITERAL_CONVERSION = YES;
				CLANG_WARN_OBJC_ROOT_CLASS = YES_ERROR;
				CLANG_WARN_QUOTED_INCLUDE_IN_FRAMEWORK_HEADER = YES;
				CLANG_WARN_RANGE_LOOP_ANALYSIS = YES;
				CLANG_WARN_STRICT_PROTOTYPES = YES;
				CLANG_WARN_SUSPICIOUS_MOVE = YES;
				CLANG_WARN_UNGUARDED_AVAILABILITY = YES_AGGRESSIVE;
				CLANG_WARN_UNREACHABLE_CODE = YES;
				CLANG_WARN__DUPLICATE_METHOD_MATCH = YES;
				COPY_PHASE_STRIP = NO;
				DEBUG_INFORMATION_FORMAT = "dwarf-with-dsym";
				ENABLE_NS_ASSERTIONS = NO;
				ENABLE_STRICT_OBJC_MSGSEND = YES;
				GCC_C_LANGUAGE_STANDARD = gnu11;
				GCC_NO_COMMON_BLOCKS = YES;
				GCC_WARN_64_TO_32_BIT_CONVERSION = YES;
				GCC_WARN_ABOUT_RETURN_TYPE = YES_ERROR;
				GCC_WARN_UNDECLARED_SELECTOR = YES;
				GCC_WARN_UNINITIALIZED_AUTOS = YES_AGGRESSIVE;
				GCC_WARN_UNUSED_FUNCTION = YES;
				GCC_WARN_UNUSED_VARIABLE = YES;
				MACOSX_DEPLOYMENT_TARGET = 14.0;
				MTL_ENABLE_DEBUG_INFO = NO;
				MTL_FAST_MATH = YES;
				PRODUCT_NAME = "$(TARGET_NAME)";
				SDKROOT = macosx;
				SWIFT_COMPILATION_MODE = wholemodule;
				SWIFT_OPTIMIZATION_LEVEL = "-O";
				SWIFT_VERSION = 5.0;
			};
			name = Release;
		};
		1C6A3E43F31F9A68D57207A2 /* Debug */ = {
			isa = XCBuildConfiguration;
			buildSettings = {
				ALWAYS_SEARCH_USER_PATHS = NO;
				CLANG_ANALYZER_NONNULL = YES;
				CLANG_ANALYZER_NUMBER_OBJECT_CONVERSION = YES_AGGRESSIVE;
				CLANG_CXX_LANGUAGE_STANDARD = "gnu++14";
				CLANG_CXX_LIBRARY = "libc++";
				CLANG_ENABLE_MODULES = YES;
				CLANG_ENABLE_OBJC_ARC = YES;
				CLANG_ENABLE_OBJC_WEAK = YES;
				CLANG_WARN_BLOCK_CAPTURE_AUTORELEASING = YES;
				CLANG_WARN_BOOL_CONVERSION = YES;
				CLANG_WARN_COMMA = YES;
				CLANG_WARN_CONSTANT_CONVERSION = YES;
				CLANG_WARN_DEPRECATED_OBJC_IMPLEMENTATIONS = YES;
				CLANG_WARN_DIRECT_OBJC_ISA_USAGE = YES_ERROR;
				CLANG_WARN_DOCUMENTATION_COMMENTS = YES;
				CLANG_WARN_EMPTY_BODY = YES;
				CLANG_WARN_ENUM_CONVERSION = YES;
				CLANG_WARN_INFINITE_RECURSION = YES;
				CLANG_WARN_INT_CONVERSION = YES;
				CLANG_WARN_NON_LITERAL_NULL_CONVERSION = YES;
				CLANG_WARN_OBJC_IMPLICIT_RETAIN_SELF = YES;
				CLANG_WARN_OBJC_LITERAL_CONVERSION = YES;
				CLANG_WARN_OBJC_ROOT_CLASS = YES_ERROR;
				CLANG_WARN_QUOTED_INCLUDE_IN_FRAMEWORK_HEADER = YES;
				CLANG_WARN_RANGE_LOOP_ANALYSIS = YES;
				CLANG_WARN_STRICT_PROTOTYPES = YES;
				CLANG_WARN_SUSPICIOUS_MOVE = YES;
				CLANG_WARN_UNGUARDED_AVAILABILITY = YES_AGGRESSIVE;
				CLANG_WARN_UNREACHABLE_CODE = YES;
				CLANG_WARN__DUPLICATE_METHOD_MATCH = YES;
				COPY_PHASE_STRIP = NO;
				DEBUG_INFORMATION_FORMAT = dwarf;
				ENABLE_STRICT_OBJC_MSGSEND = YES;
				ENABLE_TESTABILITY = YES;
				GCC_C_LANGUAGE_STANDARD = gnu11;
				GCC_DYNAMIC_NO_PIC = NO;
				GCC_NO_COMMON_BLOCKS = YES;
				GCC_OPTIMIZATION_LEVEL = 0;
				GCC_PREPROCESSOR_DEFINITIONS = (
					"$(inherited)",
					"DEBUG=1",
				);
				GCC_WARN_64_TO_32_BIT_CONVERSION = YES;
				GCC_WARN_ABOUT_RETURN_TYPE = YES_ERROR;
				GCC_WARN_UNDECLARED_SELECTOR = YES;
				GCC_WARN_UNINITIALIZED_AUTOS = YES_AGGRESSIVE;
				GCC_WARN_UNUSED_FUNCTION = YES;
				GCC_WARN_UNUSED_VARIABLE = YES;
				MACOSX_DEPLOYMENT_TARGET = 14.0;
				MTL_ENABLE_DEBUG_INFO = INCLUDE_SOURCE;
				MTL_FAST_MATH = YES;
				ONLY_ACTIVE_ARCH = YES;
				PRODUCT_NAME = "$(TARGET_NAME)";
				SDKROOT = macosx;
				SWIFT_ACTIVE_COMPILATION_CONDITIONS = DEBUG;
				SWIFT_OPTIMIZATION_LEVEL = "-Onone";
				SWIFT_VERSION = 5.0;
			};
			name = Debug;
		};
		32FB0CE590FA042F8EC2996F /* Release */ = {
			isa = XCBuildConfiguration;
			buildSettings = {
				BUNDLE_LOADER = "$(TEST_HOST)";
				COMBINE_HIDPI_IMAGES = YES;
				LD_RUNPATH_SEARCH_PATHS = (
					"$(inherited)",
					"@executable_path/Frameworks",
					"@loader_path/Frameworks",
				);
				MACOSX_DEPLOYMENT_TARGET = 14.0;
				PRODUCT_BUNDLE_IDENTIFIER = com.ivandmitriev.VibeshedUITests;
				SDKROOT = macosx;
				SWIFT_VERSION = 5.9;
				TEST_TARGET_NAME = Vibeshed;
			};
			name = Release;
		};
		6BB64E662AB99C8873A9944B /* Release */ = {
			isa = XCBuildConfiguration;
			buildSettings = {
				ASSETCATALOG_COMPILER_APPICON_NAME = AppIcon;
				AUTOMATION_APPLE_EVENTS = YES;
				CODE_SIGN_IDENTITY = "-";
				COMBINE_HIDPI_IMAGES = YES;
				ENABLE_APP_SANDBOX = NO;
				ENABLE_HARDENED_RUNTIME = YES;
				ENABLE_RESOURCE_ACCESS_AUDIO_INPUT = NO;
				ENABLE_RESOURCE_ACCESS_CALENDARS = NO;
				ENABLE_RESOURCE_ACCESS_CAMERA = NO;
				ENABLE_RESOURCE_ACCESS_CONTACTS = NO;
				ENABLE_RESOURCE_ACCESS_LOCATION = NO;
				ENABLE_RESOURCE_ACCESS_PHOTO_LIBRARY = NO;
				INFOPLIST_FILE = Vibeshed/Info.plist;
				LD_RUNPATH_SEARCH_PATHS = (
					"$(inherited)",
					"@executable_path/../Frameworks",
				);
				MACOSX_DEPLOYMENT_TARGET = 14.0;
				PRODUCT_BUNDLE_IDENTIFIER = com.ivandmitriev.Vibeshed;
				RUNTIME_EXCEPTION_ALLOW_DYLD_ENVIRONMENT_VARIABLES = NO;
				RUNTIME_EXCEPTION_ALLOW_JIT = NO;
				RUNTIME_EXCEPTION_ALLOW_UNSIGNED_EXECUTABLE_MEMORY = NO;
				RUNTIME_EXCEPTION_DEBUGGING_TOOL = NO;
				RUNTIME_EXCEPTION_DISABLE_EXECUTABLE_PAGE_PROTECTION = NO;
				RUNTIME_EXCEPTION_DISABLE_LIBRARY_VALIDATION = NO;
				SDKROOT = macosx;
				SWIFT_VERSION = 5.9;
			};
			name = Release;
		};
		B99F64C5FD83A59F4789645A /* Debug */ = {
			isa = XCBuildConfiguration;
			buildSettings = {
				BUNDLE_LOADER = "$(TEST_HOST)";
				COMBINE_HIDPI_IMAGES = YES;
				LD_RUNPATH_SEARCH_PATHS = (
					"$(inherited)",
					"@executable_path/Frameworks",
					"@loader_path/Frameworks",
				);
				MACOSX_DEPLOYMENT_TARGET = 14.0;
				PRODUCT_BUNDLE_IDENTIFIER = com.ivandmitriev.VibeshedUITests;
				SDKROOT = macosx;
				SWIFT_VERSION = 5.9;
				TEST_TARGET_NAME = Vibeshed;
			};
			name = Debug;
		};
/* End XCBuildConfiguration section */

/* Begin XCConfigurationList section */
		0CAE40358B04B480B57BF761 /* Build configuration list for PBXNativeTarget "VibeshedUITests" */ = {
			isa = XCConfigurationList;
			buildConfigurations = (
				B99F64C5FD83A59F4789645A /* Debug */,
				32FB0CE590FA042F8EC2996F /* Release */,
			);
			defaultConfigurationIsVisible = 0;
			defaultConfigurationName = Debug;
		};
		E01B6EA541225C9C27AFB8BC /* Build configuration list for PBXProject "Vibeshed" */ = {
			isa = XCConfigurationList;
			buildConfigurations = (
				1C6A3E43F31F9A68D57207A2 /* Debug */,
				13940ABC34344FEC3BA05DAF /* Release */,
			);
			defaultConfigurationIsVisible = 0;
			defaultConfigurationName = Debug;
		};
		FC9BE57795DD42015794ADCA /* Build configuration list for PBXNativeTarget "Vibeshed" */ = {
			isa = XCConfigurationList;
			buildConfigurations = (
				044302E089ED502443C53BD2 /* Debug */,
				6BB64E662AB99C8873A9944B /* Release */,
			);
			defaultConfigurationIsVisible = 0;
			defaultConfigurationName = Debug;
		};
/* End XCConfigurationList section */

/* Begin XCRemoteSwiftPackageReference section */
		02770868DD0B43DE82B9EBBA /* XCRemoteSwiftPackageReference "SwiftLintPlugins" */ = {
			isa = XCRemoteSwiftPackageReference;
			repositoryURL = "https://github.com/SimplyDanny/SwiftLintPlugins";
			requirement = {
				kind = upToNextMajorVersion;
				minimumVersion = 0.58.0;
			};
		};
		07AD761BFFFEE365E904AEA5 /* XCRemoteSwiftPackageReference "KeyboardShortcuts" */ = {
			isa = XCRemoteSwiftPackageReference;
			repositoryURL = "https://github.com/sindresorhus/KeyboardShortcuts";
			requirement = {
				kind = upToNextMajorVersion;
				minimumVersion = 2.0.0;
			};
		};
		9B7CFD75670DD1DB3DFE8095 /* XCRemoteSwiftPackageReference "SwiftFormat" */ = {
			isa = XCRemoteSwiftPackageReference;
			repositoryURL = "https://github.com/nicklockwood/SwiftFormat";
			requirement = {
				kind = upToNextMajorVersion;
				minimumVersion = 0.55.0;
			};
		};
		E8F92D1DD3B0A98E4075AD23 /* XCRemoteSwiftPackageReference "Yams" */ = {
			isa = XCRemoteSwiftPackageReference;
			repositoryURL = "https://github.com/jpsim/Yams";
			requirement = {
				kind = upToNextMajorVersion;
				minimumVersion = 6.0.0;
			};
		};
/* End XCRemoteSwiftPackageReference section */

/* Begin XCSwiftPackageProductDependency section */
		20C3059357BAE74908B7FD8E /* Yams */ = {
			isa = XCSwiftPackageProductDependency;
			package = E8F92D1DD3B0A98E4075AD23 /* XCRemoteSwiftPackageReference "Yams" */;
			productName = Yams;
		};
		5A6BC3101CE0E9C87F20C141 /* KeyboardShortcuts */ = {
			isa = XCSwiftPackageProductDependency;
			package = 07AD761BFFFEE365E904AEA5 /* XCRemoteSwiftPackageReference "KeyboardShortcuts" */;
			productName = KeyboardShortcuts;
		};
/* End XCSwiftPackageProductDependency section */
	};
	rootObject = 5E6B7CF84E09EF9890C2AC71 /* Project object */;
}
